{
    "version": 3,
    "terraform_version": "0.12.31",
    "serial": 1,
    "lineage": "64ccb775-d8ca-832a-933f-5eb336144356",
    "modules": [
        {
            "path": [
                "root"
            ],
            "outputs": {
                "google_container_cluster_tfer--gke-abde_self_link": {
                    "sensitive": false,
                    "type": "string",
                    "value": "https://container.googleapis.com/v1/projects/endless-anagram-367719/zones/europe-west1-b/clusters/gke-abde"
                },
                "google_container_node_pool_tfer--gke-abde_node-pool1_id": {
                    "sensitive": false,
                    "type": "string",
                    "value": "europe-west1-b/gke-abde/node-pool1"
                }
            },
            "resources": {
                "google_container_cluster.tfer--gke-abde": {
                    "type": "google_container_cluster",
                    "depends_on": [],
                    "primary": {
                        "id": "gke-abde",
                        "attributes": {
                            "addons_config.#": "1",
                            "addons_config.0.cloudrun_config.#": "0",
                            "addons_config.0.dns_cache_config.#": "1",
                            "addons_config.0.dns_cache_config.0.enabled": "false",
                            "addons_config.0.gce_persistent_disk_csi_driver_config.#": "1",
                            "addons_config.0.gce_persistent_disk_csi_driver_config.0.enabled": "true",
                            "addons_config.0.gcp_filestore_csi_driver_config.#": "0",
                            "addons_config.0.horizontal_pod_autoscaling.#": "1",
                            "addons_config.0.horizontal_pod_autoscaling.0.disabled": "false",
                            "addons_config.0.http_load_balancing.#": "1",
                            "addons_config.0.http_load_balancing.0.disabled": "false",
                            "addons_config.0.network_policy_config.#": "1",
                            "addons_config.0.network_policy_config.0.disabled": "true",
                            "authenticator_groups_config.#": "1",
                            "authenticator_groups_config.0.security_group": "",
                            "binary_authorization.#": "1",
                            "binary_authorization.0.enabled": "false",
                            "binary_authorization.0.evaluation_mode": "DISABLED",
                            "cluster_autoscaling.#": "1",
                            "cluster_autoscaling.0.auto_provisioning_defaults.#": "0",
                            "cluster_autoscaling.0.enabled": "false",
                            "cluster_autoscaling.0.resource_limits.#": "0",
                            "cluster_ipv4_cidr": "10.72.0.0/14",
                            "confidential_nodes.#": "0",
                            "cost_management_config.#": "0",
                            "database_encryption.#": "1",
                            "database_encryption.0.key_name": "",
                            "database_encryption.0.state": "DECRYPTED",
                            "datapath_provider": "LEGACY_DATAPATH",
                            "default_max_pods_per_node": "110",
                            "default_snat_status.#": "1",
                            "default_snat_status.0.disabled": "false",
                            "description": "",
                            "dns_config.#": "0",
                            "enable_binary_authorization": "false",
                            "enable_intranode_visibility": "false",
                            "enable_kubernetes_alpha": "false",
                            "enable_legacy_abac": "false",
                            "enable_shielded_nodes": "true",
                            "enable_tpu": "false",
                            "endpoint": "35.187.127.76",
                            "id": "gke-abde",
                            "initial_node_count": "0",
                            "ip_allocation_policy.#": "1",
                            "ip_allocation_policy.0.cluster_ipv4_cidr_block": "10.72.0.0/14",
                            "ip_allocation_policy.0.cluster_secondary_range_name": "gke-gke-abde-pods-d0ff2750",
                            "ip_allocation_policy.0.services_ipv4_cidr_block": "10.76.0.0/20",
                            "ip_allocation_policy.0.services_secondary_range_name": "gke-gke-abde-services-d0ff2750",
                            "label_fingerprint": "a9dc16a7",
                            "location": "europe-west1-b",
                            "logging_config.#": "1",
                            "logging_config.0.enable_components.#": "2",
                            "logging_config.0.enable_components.0": "SYSTEM_COMPONENTS",
                            "logging_config.0.enable_components.1": "WORKLOADS",
                            "logging_service": "logging.googleapis.com/kubernetes",
                            "maintenance_policy.#": "0",
                            "master_auth.#": "1",
                            "master_auth.0.client_certificate": "",
                            "master_auth.0.client_certificate_config.#": "1",
                            "master_auth.0.client_certificate_config.0.issue_client_certificate": "false",
                            "master_auth.0.client_key": "",
                            "master_auth.0.cluster_ca_certificate": "LS0tLS1CRUdJTiBDRVJUSUZJQ0FURS0tLS0tCk1JSUVMRENDQXBTZ0F3SUJBZ0lRU1FqSGovNE1lWUMzWHEwMUZrb3RjREFOQmdrcWhraUc5dzBCQVFzRkFEQXYKTVMwd0t3WURWUVFERXlReU56VXhOVGRtT0MxbVpXTmhMVFJtWmpBdFltWXpOUzAzWmpjelpqVm1ZemMzTldFdwpJQmNOTWpJeE1UQTNNakEwT0RNNVdoZ1BNakExTWpFd016QXlNVFE0TXpsYU1DOHhMVEFyQmdOVkJBTVRKREkzCk5URTFOMlk0TFdabFkyRXROR1ptTUMxaVpqTTFMVGRtTnpObU5XWmpOemMxWVRDQ0FhSXdEUVlKS29aSWh2Y04KQVFFQkJRQURnZ0dQQURDQ0FZb0NnZ0dCQUswcXQ2d1hQNGZQT2xzcXRKcU5ueTV4V29Sc2t3OFowUVgvYXZHbQplVzZtV2l5K005NCt2VDNVbmFPTkh1M2xZV3FqU3lwYmZZRjVyU1o4SGNsWWpYOVBzUGpLRVg1bGlxZVZWS09sCmxzZDBPOTk1T0ZJQU5PaWRFRllrQ2lEdFVCT3NSWW9sb09KS1RONG5jRVpueGlJd1grNlJsYUFmbTI3elJGYU0KQWVJdWIxZExsNnZTeWNGQUR0bTZhRkJDVG8yNk9tVGhkV2NQdTNTRGh4Rzk0djR0K2svNjdINzBCbXkzcUY1RgovTXdrd2VISmlqZ2tLQVhoZVVzWUl6a0hCZmF4RDNFUmlSN2EwTUx5Tjl6aVVSeGwwdHFxazhhN2V5WW94M2tVClVIeEs0OTJyeEswUXVtcTVSaGlPTDhCb09MVEg2eVJ4dnpHRFZraGhtLzMvWWV3cllzeC9UQWFKZ0cydkxUeDUKNnpPekFhdnRPNlFWeElsVk9MbEJVb1g1WUtxdVVuSTJ3cWJKaC82dDJINWtPOVJ6WXFSQXQyTk5URzBaRG5hagoxaUFOTCtYZFJMSnpVaXhDWWJRUjgxc0c4OFQxdlVXTjlPK0J0V2szVUc3Z01LVFhjUTNsdlZxZHUwTnNkSExxCkJpOFJVbW0zTGxCMWRtK2pCdWJlZStUZStRSURBUUFCbzBJd1FEQU9CZ05WSFE4QkFmOEVCQU1DQWdRd0R3WUQKVlIwVEFRSC9CQVV3QXdFQi96QWRCZ05WSFE0RUZnUVV1SExxenBNQTQvb0lDK1VRL1RSbHdEWTdXeU13RFFZSgpLb1pJaHZjTkFRRUxCUUFEZ2dHQkFETSt0SGRESlVJNmpVckVLeFd2Q2tVdzZpdE5FTlI2V2dQQktpVmZLTHBiClZMdjRTd1h2aWE1M2E2Y1dQQitPdkgwZGx5VU5KNXVtS2Q4ZnM2SUhxOUw4ZmVLbE51b0J1NFBpOWsxbTR3Y3oKTG5BZXIxQ05CeWVHNWIwYklDU0FKNk1oOFRnRzRwZ1R6Z3crN3d0dkJXbE8xZERhelFZUUJ6OVI5ODRYVFVDSApzamlZNDhpdTJQbFlxQTdmQ0VEVHA0TDVkUmVUNEhpZFpxL3dJYlZ1VUdOTXpGQVZNTEZCWUdxUDNuR3k2VEdDCjRkdDNQSDFyaDVoSjlZcDFYSSt6ckQ3S284Tll6cnhMMnI3bkpHeGJmM281ZUtMS2JDM3VYOTQzcEpwMVkwczAKeXdzaWFvRzJFZTdxMFliYmJnTkVTZmZMRStKcW5pM284RFcrSVljWDM5aEdLek1Ja2owMURGNW5KSU8yVTVjNwpNYi9Bc3orcFBBbHVhR2JiVWJhY3VBZ25RS2pUZ2ZvY3VBd2gxYUhjbjdoa09jVU9xaW93d0ZaRGFWYkxJUnp4ClhDYkkzTmZaWGFYdEVDbXRWbUlETWVaTzBCcXp2a0VBQm11dDZWNno3UzdZMnAvQTdXd1ZJdSt4cG9VVW9yVm0KaDJZbnRPRnNDRnpuK1dMejdnK1BYZz09Ci0tLS0tRU5EIENFUlRJRklDQVRFLS0tLS0K",
                            "master_authorized_networks_config.#": "0",
                            "master_version": "1.23.8-gke.1900",
                            "mesh_certificates.#": "0",
                            "monitoring_config.#": "1",
                            "monitoring_config.0.enable_components.#": "1",
                            "monitoring_config.0.enable_components.0": "SYSTEM_COMPONENTS",
                            "monitoring_service": "monitoring.googleapis.com/kubernetes",
                            "name": "gke-abde",
                            "network": "projects/endless-anagram-367719/global/networks/abde-vpc",
                            "network_policy.#": "1",
                            "network_policy.0.enabled": "false",
                            "network_policy.0.provider": "PROVIDER_UNSPECIFIED",
                            "networking_mode": "VPC_NATIVE",
                            "node_config.#": "1",
                            "node_config.0.boot_disk_kms_key": "",
                            "node_config.0.disk_size_gb": "100",
                            "node_config.0.disk_type": "pd-standard",
                            "node_config.0.gcfs_config.#": "0",
                            "node_config.0.guest_accelerator.#": "0",
                            "node_config.0.gvnic.#": "0",
                            "node_config.0.image_type": "COS_CONTAINERD",
                            "node_config.0.labels.%": "0",
                            "node_config.0.local_ssd_count": "0",
                            "node_config.0.machine_type": "e2-standard-2",
                            "node_config.0.metadata.%": "1",
                            "node_config.0.metadata.disable-legacy-endpoints": "true",
                            "node_config.0.min_cpu_platform": "",
                            "node_config.0.node_group": "",
                            "node_config.0.oauth_scopes.#": "6",
                            "node_config.0.oauth_scopes.0": "https://www.googleapis.com/auth/devstorage.read_only",
                            "node_config.0.oauth_scopes.1": "https://www.googleapis.com/auth/logging.write",
                            "node_config.0.oauth_scopes.2": "https://www.googleapis.com/auth/monitoring",
                            "node_config.0.oauth_scopes.3": "https://www.googleapis.com/auth/service.management.readonly",
                            "node_config.0.oauth_scopes.4": "https://www.googleapis.com/auth/servicecontrol",
                            "node_config.0.oauth_scopes.5": "https://www.googleapis.com/auth/trace.append",
                            "node_config.0.preemptible": "false",
                            "node_config.0.reservation_affinity.#": "0",
                            "node_config.0.service_account": "default",
                            "node_config.0.shielded_instance_config.#": "1",
                            "node_config.0.shielded_instance_config.0.enable_integrity_monitoring": "true",
                            "node_config.0.shielded_instance_config.0.enable_secure_boot": "false",
                            "node_config.0.spot": "false",
                            "node_config.0.tags.#": "0",
                            "node_config.0.taint.#": "0",
                            "node_config.0.workload_metadata_config.#": "0",
                            "node_locations.#": "0",
                            "node_pool.#": "1",
                            "node_pool.0.autoscaling.#": "1",
                            "node_pool.0.autoscaling.0.location_policy": "",
                            "node_pool.0.autoscaling.0.max_node_count": "2",
                            "node_pool.0.autoscaling.0.min_node_count": "0",
                            "node_pool.0.autoscaling.0.total_max_node_count": "0",
                            "node_pool.0.autoscaling.0.total_min_node_count": "0",
                            "node_pool.0.initial_node_count": "2",
                            "node_pool.0.instance_group_urls.#": "1",
                            "node_pool.0.instance_group_urls.0": "https://www.googleapis.com/compute/v1/projects/endless-anagram-367719/zones/europe-west1-b/instanceGroupManagers/gke-gke-abde-node-pool1-a5eb30e0-grp",
                            "node_pool.0.managed_instance_group_urls.#": "1",
                            "node_pool.0.managed_instance_group_urls.0": "https://www.googleapis.com/compute/v1/projects/endless-anagram-367719/zones/europe-west1-b/instanceGroups/gke-gke-abde-node-pool1-a5eb30e0-grp",
                            "node_pool.0.management.#": "1",
                            "node_pool.0.management.0.auto_repair": "true",
                            "node_pool.0.management.0.auto_upgrade": "true",
                            "node_pool.0.max_pods_per_node": "110",
                            "node_pool.0.name": "node-pool1",
                            "node_pool.0.name_prefix": "",
                            "node_pool.0.node_config.#": "1",
                            "node_pool.0.node_config.0.boot_disk_kms_key": "",
                            "node_pool.0.node_config.0.disk_size_gb": "100",
                            "node_pool.0.node_config.0.disk_type": "pd-standard",
                            "node_pool.0.node_config.0.gcfs_config.#": "0",
                            "node_pool.0.node_config.0.guest_accelerator.#": "0",
                            "node_pool.0.node_config.0.gvnic.#": "0",
                            "node_pool.0.node_config.0.image_type": "COS_CONTAINERD",
                            "node_pool.0.node_config.0.labels.%": "0",
                            "node_pool.0.node_config.0.local_ssd_count": "0",
                            "node_pool.0.node_config.0.machine_type": "e2-standard-2",
                            "node_pool.0.node_config.0.metadata.%": "1",
                            "node_pool.0.node_config.0.metadata.disable-legacy-endpoints": "true",
                            "node_pool.0.node_config.0.min_cpu_platform": "",
                            "node_pool.0.node_config.0.node_group": "",
                            "node_pool.0.node_config.0.oauth_scopes.#": "6",
                            "node_pool.0.node_config.0.oauth_scopes.0": "https://www.googleapis.com/auth/devstorage.read_only",
                            "node_pool.0.node_config.0.oauth_scopes.1": "https://www.googleapis.com/auth/logging.write",
                            "node_pool.0.node_config.0.oauth_scopes.2": "https://www.googleapis.com/auth/monitoring",
                            "node_pool.0.node_config.0.oauth_scopes.3": "https://www.googleapis.com/auth/service.management.readonly",
                            "node_pool.0.node_config.0.oauth_scopes.4": "https://www.googleapis.com/auth/servicecontrol",
                            "node_pool.0.node_config.0.oauth_scopes.5": "https://www.googleapis.com/auth/trace.append",
                            "node_pool.0.node_config.0.preemptible": "false",
                            "node_pool.0.node_config.0.reservation_affinity.#": "0",
                            "node_pool.0.node_config.0.service_account": "default",
                            "node_pool.0.node_config.0.shielded_instance_config.#": "1",
                            "node_pool.0.node_config.0.shielded_instance_config.0.enable_integrity_monitoring": "true",
                            "node_pool.0.node_config.0.shielded_instance_config.0.enable_secure_boot": "false",
                            "node_pool.0.node_config.0.spot": "false",
                            "node_pool.0.node_config.0.tags.#": "0",
                            "node_pool.0.node_config.0.taint.#": "0",
                            "node_pool.0.node_config.0.workload_metadata_config.#": "0",
                            "node_pool.0.node_count": "2",
                            "node_pool.0.node_locations.#": "1",
                            "node_pool.0.node_locations.0": "europe-west1-b",
                            "node_pool.0.upgrade_settings.#": "1",
                            "node_pool.0.upgrade_settings.0.max_surge": "1",
                            "node_pool.0.upgrade_settings.0.max_unavailable": "0",
                            "node_pool.0.version": "1.23.8-gke.1900",
                            "node_version": "1.23.8-gke.1900",
                            "notification_config.#": "1",
                            "notification_config.0.pubsub.#": "1",
                            "notification_config.0.pubsub.0.enabled": "false",
                            "notification_config.0.pubsub.0.filter.#": "0",
                            "notification_config.0.pubsub.0.topic": "",
                            "private_cluster_config.#": "1",
                            "private_cluster_config.0.enable_private_endpoint": "false",
                            "private_cluster_config.0.enable_private_nodes": "false",
                            "private_cluster_config.0.master_global_access_config.#": "1",
                            "private_cluster_config.0.master_global_access_config.0.enabled": "false",
                            "private_cluster_config.0.master_ipv4_cidr_block": "",
                            "private_cluster_config.0.peering_name": "",
                            "private_cluster_config.0.private_endpoint": "10.99.2.5",
                            "private_cluster_config.0.public_endpoint": "35.187.127.76",
                            "private_ipv6_google_access": "",
                            "project": "endless-anagram-367719",
                            "release_channel.#": "1",
                            "release_channel.0.channel": "REGULAR",
                            "resource_labels.%": "0",
                            "resource_usage_export_config.#": "0",
                            "self_link": "https://container.googleapis.com/v1/projects/endless-anagram-367719/zones/europe-west1-b/clusters/gke-abde",
                            "service_external_ips_config.#": "1",
                            "service_external_ips_config.0.enabled": "false",
                            "services_ipv4_cidr": "10.76.0.0/20",
                            "subnetwork": "projects/endless-anagram-367719/regions/europe-west1/subnetworks/private-subnet1",
                            "tpu_ipv4_cidr_block": "",
                            "vertical_pod_autoscaling.#": "0",
                            "workload_identity_config.#": "0"
                        },
                        "meta": {
                            "schema_version": 1
                        },
                        "tainted": false
                    },
                    "deposed": [],
                    "provider": "provider.google"
                },
                "google_container_node_pool.tfer--gke-abde_node-pool1": {
                    "type": "google_container_node_pool",
                    "depends_on": [],
                    "primary": {
                        "id": "europe-west1-b/gke-abde/node-pool1",
                        "attributes": {
                            "autoscaling.#": "1",
                            "autoscaling.0.location_policy": "",
                            "autoscaling.0.max_node_count": "2",
                            "autoscaling.0.min_node_count": "0",
                            "autoscaling.0.total_max_node_count": "0",
                            "autoscaling.0.total_min_node_count": "0",
                            "cluster": "gke-abde",
                            "id": "europe-west1-b/gke-abde/node-pool1",
                            "initial_node_count": "2",
                            "instance_group_urls.#": "1",
                            "instance_group_urls.0": "https://www.googleapis.com/compute/v1/projects/endless-anagram-367719/zones/europe-west1-b/instanceGroupManagers/gke-gke-abde-node-pool1-a5eb30e0-grp",
                            "location": "europe-west1-b",
                            "managed_instance_group_urls.#": "1",
                            "managed_instance_group_urls.0": "https://www.googleapis.com/compute/v1/projects/endless-anagram-367719/zones/europe-west1-b/instanceGroups/gke-gke-abde-node-pool1-a5eb30e0-grp",
                            "management.#": "1",
                            "management.0.auto_repair": "true",
                            "management.0.auto_upgrade": "true",
                            "max_pods_per_node": "110",
                            "name": "node-pool1",
                            "name_prefix": "",
                            "node_config.#": "1",
                            "node_config.0.boot_disk_kms_key": "",
                            "node_config.0.disk_size_gb": "100",
                            "node_config.0.disk_type": "pd-standard",
                            "node_config.0.gcfs_config.#": "0",
                            "node_config.0.guest_accelerator.#": "0",
                            "node_config.0.gvnic.#": "0",
                            "node_config.0.image_type": "COS_CONTAINERD",
                            "node_config.0.labels.%": "0",
                            "node_config.0.local_ssd_count": "0",
                            "node_config.0.machine_type": "e2-standard-2",
                            "node_config.0.metadata.%": "1",
                            "node_config.0.metadata.disable-legacy-endpoints": "true",
                            "node_config.0.min_cpu_platform": "",
                            "node_config.0.node_group": "",
                            "node_config.0.oauth_scopes.#": "6",
                            "node_config.0.oauth_scopes.0": "https://www.googleapis.com/auth/devstorage.read_only",
                            "node_config.0.oauth_scopes.1": "https://www.googleapis.com/auth/logging.write",
                            "node_config.0.oauth_scopes.2": "https://www.googleapis.com/auth/monitoring",
                            "node_config.0.oauth_scopes.3": "https://www.googleapis.com/auth/service.management.readonly",
                            "node_config.0.oauth_scopes.4": "https://www.googleapis.com/auth/servicecontrol",
                            "node_config.0.oauth_scopes.5": "https://www.googleapis.com/auth/trace.append",
                            "node_config.0.preemptible": "false",
                            "node_config.0.reservation_affinity.#": "0",
                            "node_config.0.service_account": "default",
                            "node_config.0.shielded_instance_config.#": "1",
                            "node_config.0.shielded_instance_config.0.enable_integrity_monitoring": "true",
                            "node_config.0.shielded_instance_config.0.enable_secure_boot": "false",
                            "node_config.0.spot": "false",
                            "node_config.0.tags.#": "0",
                            "node_config.0.taint.#": "0",
                            "node_config.0.workload_metadata_config.#": "0",
                            "node_count": "2",
                            "node_locations.#": "1",
                            "node_locations.0": "europe-west1-b",
                            "project": "endless-anagram-367719",
                            "upgrade_settings.#": "1",
                            "upgrade_settings.0.max_surge": "1",
                            "upgrade_settings.0.max_unavailable": "0",
                            "version": "1.23.8-gke.1900"
                        },
                        "meta": {
                            "schema_version": 1
                        },
                        "tainted": false
                    },
                    "deposed": [],
                    "provider": "provider.google"
                }
            },
            "depends_on": []
        }
    ]
}
