{
    "version": 3,
    "terraform_version": "0.12.31",
    "serial": 1,
    "lineage": "65c413d2-258a-667a-37af-ccdb802828a8",
    "modules": [
        {
            "path": [
                "root"
            ],
            "outputs": {
                "google_project_iam_custom_role_tfer--projects-002F-endless-anagram-367719-002F-roles-002F-CustomComputeStorageAdmin_id": {
                    "sensitive": false,
                    "type": "string",
                    "value": "projects/endless-anagram-367719/roles/CustomComputeStorageAdmin"
                },
                "google_project_iam_custom_role_tfer--projects-002F-endless-anagram-367719-002F-roles-002F-CustomLucidscaleCustomRole_id": {
                    "sensitive": false,
                    "type": "string",
                    "value": "projects/endless-anagram-367719/roles/CustomLucidscaleCustomRole"
                },
                "google_project_iam_custom_role_tfer--projects-002F-endless-anagram-367719-002F-roles-002F-CustomRole_id": {
                    "sensitive": false,
                    "type": "string",
                    "value": "projects/endless-anagram-367719/roles/CustomRole"
                },
                "google_project_iam_custom_role_tfer--projects-002F-endless-anagram-367719-002F-roles-002F-lucidrole_id": {
                    "sensitive": false,
                    "type": "string",
                    "value": "projects/endless-anagram-367719/roles/lucidrole"
                },
                "google_project_iam_member_tfer--projects-002F-endless-anagram-367719-002F-roles-002F-CustomComputeStorageAdminserviceAccount-003A-xxx-storage-3-0040-endless-anagram-367719-002E-iam-002E-gserviceaccount-002E-com_id": {
                    "sensitive": false,
                    "type": "string",
                    "value": "projects/endless-anagram-367719/roles/CustomComputeStorageAdminserviceAccount:xxx-storage-3@endless-anagram-367719.iam.gserviceaccount.com"
                },
                "google_project_iam_member_tfer--projects-002F-endless-anagram-367719-002F-roles-002F-lucidroleserviceAccount-003A-lucidserviceaccount-0040-endless-anagram-367719-002E-iam-002E-gserviceaccount-002E-com_id": {
                    "sensitive": false,
                    "type": "string",
                    "value": "projects/endless-anagram-367719/roles/lucidroleserviceAccount:lucidserviceaccount@endless-anagram-367719.iam.gserviceaccount.com"
                },
                "google_project_iam_member_tfer--roles-002F-compute-002E-admindeleted-003A-serviceAccount-003A-compute-sa-0040-endless-anagram-367719-002E-iam-002E-gserviceaccount-002E-com-003F-uid-003D-107767844984970324465_id": {
                    "sensitive": false,
                    "type": "string",
                    "value": "roles/compute.admindeleted:serviceAccount:compute-sa@endless-anagram-367719.iam.gserviceaccount.com?uid=107767844984970324465"
                },
                "google_project_iam_member_tfer--roles-002F-compute-002E-admindeleted-003A-serviceAccount-003A-custom-compute-allow-api-sa-0040-endless-anagram-367719-002E-iam-002E-gserviceaccount-002E-com-003F-uid-003D-105408376428894630018_id": {
                    "sensitive": false,
                    "type": "string",
                    "value": "roles/compute.admindeleted:serviceAccount:custom-compute-allow-api-sa@endless-anagram-367719.iam.gserviceaccount.com?uid=105408376428894630018"
                },
                "google_project_iam_member_tfer--roles-002F-compute-002E-admindeleted-003A-serviceAccount-003A-step2-custom-sa-0040-endless-anagram-367719-002E-iam-002E-gserviceaccount-002E-com-003F-uid-003D-109878432368061753709_id": {
                    "sensitive": false,
                    "type": "string",
                    "value": "roles/compute.admindeleted:serviceAccount:step2-custom-sa@endless-anagram-367719.iam.gserviceaccount.com?uid=109878432368061753709"
                },
                "google_project_iam_member_tfer--roles-002F-compute-002E-admindeleted-003A-serviceAccount-003A-test3-354-0040-endless-anagram-367719-002E-iam-002E-gserviceaccount-002E-com-003F-uid-003D-110283672400240489581_id": {
                    "sensitive": false,
                    "type": "string",
                    "value": "roles/compute.admindeleted:serviceAccount:test3-354@endless-anagram-367719.iam.gserviceaccount.com?uid=110283672400240489581"
                },
                "google_project_iam_member_tfer--roles-002F-compute-002E-adminserviceAccount-003A-compute-sa-0040-endless-anagram-367719-002E-iam-002E-gserviceaccount-002E-com_id": {
                    "sensitive": false,
                    "type": "string",
                    "value": "roles/compute.adminserviceAccount:compute-sa@endless-anagram-367719.iam.gserviceaccount.com"
                },
                "google_project_iam_member_tfer--roles-002F-compute-002E-adminserviceAccount-003A-xx-compute-sa-0040-endless-anagram-367719-002E-iam-002E-gserviceaccount-002E-com_id": {
                    "sensitive": false,
                    "type": "string",
                    "value": "roles/compute.adminserviceAccount:xx-compute-sa@endless-anagram-367719.iam.gserviceaccount.com"
                },
                "google_project_iam_member_tfer--roles-002F-compute-002E-serviceAgentdeleted-003A-serviceAccount-003A-test-708-0040-endless-anagram-367719-002E-iam-002E-gserviceaccount-002E-com-003F-uid-003D-116222766579707969275_id": {
                    "sensitive": false,
                    "type": "string",
                    "value": "roles/compute.serviceAgentdeleted:serviceAccount:test-708@endless-anagram-367719.iam.gserviceaccount.com?uid=116222766579707969275"
                },
                "google_project_iam_member_tfer--roles-002F-compute-002E-serviceAgentdeleted-003A-serviceAccount-003A-test2-97-0040-endless-anagram-367719-002E-iam-002E-gserviceaccount-002E-com-003F-uid-003D-115386380173952232056_id": {
                    "sensitive": false,
                    "type": "string",
                    "value": "roles/compute.serviceAgentdeleted:serviceAccount:test2-97@endless-anagram-367719.iam.gserviceaccount.com?uid=115386380173952232056"
                },
                "google_project_iam_member_tfer--roles-002F-compute-002E-serviceAgentserviceAccount-003A-service-4533191612-0040-compute-system-002E-iam-002E-gserviceaccount-002E-com_id": {
                    "sensitive": false,
                    "type": "string",
                    "value": "roles/compute.serviceAgentserviceAccount:service-4533191612@compute-system.iam.gserviceaccount.com"
                },
                "google_project_iam_member_tfer--roles-002F-compute-002E-storageAdmindeleted-003A-serviceAccount-003A-new-storage-sa-0040-endless-anagram-367719-002E-iam-002E-gserviceaccount-002E-com-003F-uid-003D-106359854061839878187_id": {
                    "sensitive": false,
                    "type": "string",
                    "value": "roles/compute.storageAdmindeleted:serviceAccount:new-storage-sa@endless-anagram-367719.iam.gserviceaccount.com?uid=106359854061839878187"
                },
                "google_project_iam_member_tfer--roles-002F-compute-002E-storageAdminserviceAccount-003A-compute-storage-2-sa-0040-endless-anagram-367719-002E-iam-002E-gserviceaccount-002E-com_id": {
                    "sensitive": false,
                    "type": "string",
                    "value": "roles/compute.storageAdminserviceAccount:compute-storage-2-sa@endless-anagram-367719.iam.gserviceaccount.com"
                },
                "google_project_iam_member_tfer--roles-002F-compute-002E-storageAdminserviceAccount-003A-compute-storage-sa-0040-endless-anagram-367719-002E-iam-002E-gserviceaccount-002E-com_id": {
                    "sensitive": false,
                    "type": "string",
                    "value": "roles/compute.storageAdminserviceAccount:compute-storage-sa@endless-anagram-367719.iam.gserviceaccount.com"
                },
                "google_project_iam_member_tfer--roles-002F-compute-002E-storageAdminserviceAccount-003A-mybackup-sa-0040-endless-anagram-367719-002E-iam-002E-gserviceaccount-002E-com_id": {
                    "sensitive": false,
                    "type": "string",
                    "value": "roles/compute.storageAdminserviceAccount:mybackup-sa@endless-anagram-367719.iam.gserviceaccount.com"
                },
                "google_project_iam_member_tfer--roles-002F-compute-002E-storageAdminserviceAccount-003A-xx-compute-storage-sa-0040-endless-anagram-367719-002E-iam-002E-gserviceaccount-002E-com_id": {
                    "sensitive": false,
                    "type": "string",
                    "value": "roles/compute.storageAdminserviceAccount:xx-compute-storage-sa@endless-anagram-367719.iam.gserviceaccount.com"
                },
                "google_project_iam_member_tfer--roles-002F-container-002E-nodeServiceAgentserviceAccount-003A-service-4533191612-0040-gcp-sa-gkenode-002E-iam-002E-gserviceaccount-002E-com_id": {
                    "sensitive": false,
                    "type": "string",
                    "value": "roles/container.nodeServiceAgentserviceAccount:service-4533191612@gcp-sa-gkenode.iam.gserviceaccount.com"
                },
                "google_project_iam_member_tfer--roles-002F-container-002E-serviceAgentserviceAccount-003A-service-4533191612-0040-container-engine-robot-002E-iam-002E-gserviceaccount-002E-com_id": {
                    "sensitive": false,
                    "type": "string",
                    "value": "roles/container.serviceAgentserviceAccount:service-4533191612@container-engine-robot.iam.gserviceaccount.com"
                },
                "google_project_iam_member_tfer--roles-002F-containerregistry-002E-ServiceAgentserviceAccount-003A-service-4533191612-0040-containerregistry-002E-iam-002E-gserviceaccount-002E-com_id": {
                    "sensitive": false,
                    "type": "string",
                    "value": "roles/containerregistry.ServiceAgentserviceAccount:service-4533191612@containerregistry.iam.gserviceaccount.com"
                },
                "google_project_iam_member_tfer--roles-002F-editorserviceAccount-003A-4533191612-0040-cloudservices-002E-gserviceaccount-002E-com_id": {
                    "sensitive": false,
                    "type": "string",
                    "value": "roles/editorserviceAccount:4533191612@cloudservices.gserviceaccount.com"
                },
                "google_project_iam_member_tfer--roles-002F-editorserviceAccount-003A-4533191612-compute-0040-developer-002E-gserviceaccount-002E-com_id": {
                    "sensitive": false,
                    "type": "string",
                    "value": "roles/editorserviceAccount:4533191612-compute@developer.gserviceaccount.com"
                },
                "google_project_iam_member_tfer--roles-002F-owneruser-003A-elamrani-002E-abdessamad-0040-gmail-002E-com_id": {
                    "sensitive": false,
                    "type": "string",
                    "value": "roles/owneruser:elamrani.abdessamad@gmail.com"
                },
                "google_project_iam_member_tfer--roles-002F-pubsub-002E-serviceAgentserviceAccount-003A-service-4533191612-0040-gcp-sa-pubsub-002E-iam-002E-gserviceaccount-002E-com_id": {
                    "sensitive": false,
                    "type": "string",
                    "value": "roles/pubsub.serviceAgentserviceAccount:service-4533191612@gcp-sa-pubsub.iam.gserviceaccount.com"
                },
                "google_service_account_tfer--105613039950938395042_id": {
                    "sensitive": false,
                    "type": "string",
                    "value": "projects/endless-anagram-367719/serviceAccounts/lucidserviceaccount@endless-anagram-367719.iam.gserviceaccount.com"
                },
                "google_service_account_tfer--105731518483251882836_id": {
                    "sensitive": false,
                    "type": "string",
                    "value": "projects/endless-anagram-367719/serviceAccounts/xxx-storage-3@endless-anagram-367719.iam.gserviceaccount.com"
                },
                "google_service_account_tfer--105735222810807097699_id": {
                    "sensitive": false,
                    "type": "string",
                    "value": "projects/endless-anagram-367719/serviceAccounts/xx-compute@endless-anagram-367719.iam.gserviceaccount.com"
                },
                "google_service_account_tfer--108554115476500622596_id": {
                    "sensitive": false,
                    "type": "string",
                    "value": "projects/endless-anagram-367719/serviceAccounts/compute-sa@endless-anagram-367719.iam.gserviceaccount.com"
                },
                "google_service_account_tfer--109092637019764240759_id": {
                    "sensitive": false,
                    "type": "string",
                    "value": "projects/endless-anagram-367719/serviceAccounts/xx-compute-sa@endless-anagram-367719.iam.gserviceaccount.com"
                },
                "google_service_account_tfer--111357772811879342456_id": {
                    "sensitive": false,
                    "type": "string",
                    "value": "projects/endless-anagram-367719/serviceAccounts/compute-storage-sa@endless-anagram-367719.iam.gserviceaccount.com"
                },
                "google_service_account_tfer--114481382785057472436_id": {
                    "sensitive": false,
                    "type": "string",
                    "value": "projects/endless-anagram-367719/serviceAccounts/mybackup-sa@endless-anagram-367719.iam.gserviceaccount.com"
                },
                "google_service_account_tfer--117596413964166341926_id": {
                    "sensitive": false,
                    "type": "string",
                    "value": "projects/endless-anagram-367719/serviceAccounts/xx-compute-storage-sa@endless-anagram-367719.iam.gserviceaccount.com"
                },
                "google_service_account_tfer--117743372178817885957_id": {
                    "sensitive": false,
                    "type": "string",
                    "value": "projects/endless-anagram-367719/serviceAccounts/compute-storage-2-sa@endless-anagram-367719.iam.gserviceaccount.com"
                }
            },
            "resources": {
                "google_project_iam_custom_role.tfer--projects-002F-endless-anagram-367719-002F-roles-002F-CustomComputeStorageAdmin": {
                    "type": "google_project_iam_custom_role",
                    "depends_on": [],
                    "primary": {
                        "id": "projects/endless-anagram-367719/roles/CustomComputeStorageAdmin",
                        "attributes": {
                            "deleted": "false",
                            "description": "Created on: 2022-11-08 Based on: Compute Storage Admin",
                            "id": "projects/endless-anagram-367719/roles/CustomComputeStorageAdmin",
                            "name": "projects/endless-anagram-367719/roles/CustomComputeStorageAdmin",
                            "permissions.#": "81",
                            "permissions.0": "compute.diskTypes.get",
                            "permissions.1": "compute.diskTypes.list",
                            "permissions.10": "compute.disks.list",
                            "permissions.11": "compute.disks.listEffectiveTags",
                            "permissions.12": "compute.disks.listTagBindings",
                            "permissions.13": "compute.disks.removeResourcePolicies",
                            "permissions.14": "compute.disks.resize",
                            "permissions.15": "compute.disks.setIamPolicy",
                            "permissions.16": "compute.disks.setLabels",
                            "permissions.17": "compute.disks.update",
                            "permissions.18": "compute.disks.use",
                            "permissions.19": "compute.disks.useReadOnly",
                            "permissions.2": "compute.disks.addResourcePolicies",
                            "permissions.20": "compute.globalOperations.get",
                            "permissions.21": "compute.globalOperations.list",
                            "permissions.22": "compute.images.create",
                            "permissions.23": "compute.images.createTagBinding",
                            "permissions.24": "compute.images.delete",
                            "permissions.25": "compute.images.deleteTagBinding",
                            "permissions.26": "compute.images.deprecate",
                            "permissions.27": "compute.images.get",
                            "permissions.28": "compute.images.getFromFamily",
                            "permissions.29": "compute.images.getIamPolicy",
                            "permissions.3": "compute.disks.create",
                            "permissions.30": "compute.images.list",
                            "permissions.31": "compute.images.listEffectiveTags",
                            "permissions.32": "compute.images.listTagBindings",
                            "permissions.33": "compute.images.setIamPolicy",
                            "permissions.34": "compute.images.setLabels",
                            "permissions.35": "compute.images.update",
                            "permissions.36": "compute.images.useReadOnly",
                            "permissions.37": "compute.licenseCodes.get",
                            "permissions.38": "compute.licenseCodes.getIamPolicy",
                            "permissions.39": "compute.licenseCodes.list",
                            "permissions.4": "compute.disks.createSnapshot",
                            "permissions.40": "compute.licenseCodes.setIamPolicy",
                            "permissions.41": "compute.licenseCodes.update",
                            "permissions.42": "compute.licenseCodes.use",
                            "permissions.43": "compute.licenses.create",
                            "permissions.44": "compute.licenses.delete",
                            "permissions.45": "compute.licenses.get",
                            "permissions.46": "compute.licenses.getIamPolicy",
                            "permissions.47": "compute.licenses.list",
                            "permissions.48": "compute.licenses.setIamPolicy",
                            "permissions.49": "compute.projects.get",
                            "permissions.5": "compute.disks.createTagBinding",
                            "permissions.50": "compute.regionOperations.get",
                            "permissions.51": "compute.regionOperations.list",
                            "permissions.52": "compute.regions.get",
                            "permissions.53": "compute.regions.list",
                            "permissions.54": "compute.resourcePolicies.create",
                            "permissions.55": "compute.resourcePolicies.delete",
                            "permissions.56": "compute.resourcePolicies.get",
                            "permissions.57": "compute.resourcePolicies.getIamPolicy",
                            "permissions.58": "compute.resourcePolicies.list",
                            "permissions.59": "compute.resourcePolicies.setIamPolicy",
                            "permissions.6": "compute.disks.delete",
                            "permissions.60": "compute.resourcePolicies.use",
                            "permissions.61": "compute.snapshots.create",
                            "permissions.62": "compute.snapshots.createTagBinding",
                            "permissions.63": "compute.snapshots.delete",
                            "permissions.64": "compute.snapshots.deleteTagBinding",
                            "permissions.65": "compute.snapshots.get",
                            "permissions.66": "compute.snapshots.getIamPolicy",
                            "permissions.67": "compute.snapshots.list",
                            "permissions.68": "compute.snapshots.listEffectiveTags",
                            "permissions.69": "compute.snapshots.listTagBindings",
                            "permissions.7": "compute.disks.deleteTagBinding",
                            "permissions.70": "compute.snapshots.setIamPolicy",
                            "permissions.71": "compute.snapshots.setLabels",
                            "permissions.72": "compute.snapshots.useReadOnly",
                            "permissions.73": "compute.zoneOperations.get",
                            "permissions.74": "compute.zoneOperations.list",
                            "permissions.75": "compute.zones.get",
                            "permissions.76": "compute.zones.list",
                            "permissions.77": "resourcemanager.projects.get",
                            "permissions.78": "serviceusage.quotas.get",
                            "permissions.79": "serviceusage.services.get",
                            "permissions.8": "compute.disks.get",
                            "permissions.80": "serviceusage.services.list",
                            "permissions.9": "compute.disks.getIamPolicy",
                            "project": "endless-anagram-367719",
                            "role_id": "CustomComputeStorageAdmin",
                            "stage": "GA",
                            "title": "xxx-storage-abde"
                        },
                        "meta": {
                            "schema_version": 0
                        },
                        "tainted": false
                    },
                    "deposed": [],
                    "provider": "provider.google"
                },
                "google_project_iam_custom_role.tfer--projects-002F-endless-anagram-367719-002F-roles-002F-CustomLucidscaleCustomRole": {
                    "type": "google_project_iam_custom_role",
                    "depends_on": [],
                    "primary": {
                        "id": "projects/endless-anagram-367719/roles/CustomLucidscaleCustomRole",
                        "attributes": {
                            "deleted": "false",
                            "description": "Created on: 2022-11-07 Based on: Lucidscale Custom Role",
                            "id": "projects/endless-anagram-367719/roles/CustomLucidscaleCustomRole",
                            "name": "projects/endless-anagram-367719/roles/CustomLucidscaleCustomRole",
                            "permissions.#": "35",
                            "permissions.0": "bigquery.datasets.get",
                            "permissions.1": "bigtable.appProfiles.list",
                            "permissions.10": "compute.backendServices.list",
                            "permissions.11": "compute.disks.list",
                            "permissions.12": "compute.firewalls.list",
                            "permissions.13": "compute.forwardingRules.list",
                            "permissions.14": "compute.instanceGroups.get",
                            "permissions.15": "compute.instanceGroups.list",
                            "permissions.16": "compute.instances.list",
                            "permissions.17": "compute.networks.list",
                            "permissions.18": "compute.projects.get",
                            "permissions.19": "compute.regionUrlMaps.list",
                            "permissions.2": "bigtable.backups.list",
                            "permissions.20": "compute.regions.list",
                            "permissions.21": "compute.routers.list",
                            "permissions.22": "compute.routes.list",
                            "permissions.23": "compute.subnetworks.list",
                            "permissions.24": "compute.targetHttpProxies.get",
                            "permissions.25": "compute.targetHttpProxies.list",
                            "permissions.26": "compute.targetHttpsProxies.list",
                            "permissions.27": "compute.urlMaps.list",
                            "permissions.28": "compute.vpnGateways.list",
                            "permissions.29": "container.clusters.list",
                            "permissions.3": "bigtable.clusters.list",
                            "permissions.30": "dns.managedZones.list",
                            "permissions.31": "iam.roles.get",
                            "permissions.32": "iam.roles.list",
                            "permissions.33": "resourcemanager.projects.get",
                            "permissions.34": "storage.buckets.list",
                            "permissions.4": "bigtable.instances.list",
                            "permissions.5": "bigtable.tables.list",
                            "permissions.6": "cloudfunctions.functions.list",
                            "permissions.7": "cloudsql.instances.list",
                            "permissions.8": "compute.autoscalers.list",
                            "permissions.9": "compute.backendBuckets.list",
                            "project": "endless-anagram-367719",
                            "role_id": "CustomLucidscaleCustomRole",
                            "stage": "",
                            "title": "Lucid2-Role"
                        },
                        "meta": {
                            "schema_version": 0
                        },
                        "tainted": false
                    },
                    "deposed": [],
                    "provider": "provider.google"
                },
                "google_project_iam_custom_role.tfer--projects-002F-endless-anagram-367719-002F-roles-002F-CustomRole": {
                    "type": "google_project_iam_custom_role",
                    "depends_on": [],
                    "primary": {
                        "id": "projects/endless-anagram-367719/roles/CustomRole",
                        "attributes": {
                            "deleted": "false",
                            "description": "Created on: 2022-11-08",
                            "id": "projects/endless-anagram-367719/roles/CustomRole",
                            "name": "projects/endless-anagram-367719/roles/CustomRole",
                            "permissions.#": "3",
                            "permissions.0": "compute.disks.create",
                            "permissions.1": "compute.disks.list",
                            "permissions.2": "compute.images.useReadOnly",
                            "project": "endless-anagram-367719",
                            "role_id": "CustomRole",
                            "stage": "",
                            "title": "compute-rule-custo"
                        },
                        "meta": {
                            "schema_version": 0
                        },
                        "tainted": false
                    },
                    "deposed": [],
                    "provider": "provider.google"
                },
                "google_project_iam_custom_role.tfer--projects-002F-endless-anagram-367719-002F-roles-002F-lucidrole": {
                    "type": "google_project_iam_custom_role",
                    "depends_on": [],
                    "primary": {
                        "id": "projects/endless-anagram-367719/roles/lucidrole",
                        "attributes": {
                            "deleted": "false",
                            "description": "Lucidscale Custom Role",
                            "id": "projects/endless-anagram-367719/roles/lucidrole",
                            "name": "projects/endless-anagram-367719/roles/lucidrole",
                            "permissions.#": "35",
                            "permissions.0": "bigquery.datasets.get",
                            "permissions.1": "bigtable.appProfiles.list",
                            "permissions.10": "compute.backendServices.list",
                            "permissions.11": "compute.disks.list",
                            "permissions.12": "compute.firewalls.list",
                            "permissions.13": "compute.forwardingRules.list",
                            "permissions.14": "compute.instanceGroups.get",
                            "permissions.15": "compute.instanceGroups.list",
                            "permissions.16": "compute.instances.list",
                            "permissions.17": "compute.networks.list",
                            "permissions.18": "compute.projects.get",
                            "permissions.19": "compute.regionUrlMaps.list",
                            "permissions.2": "bigtable.backups.list",
                            "permissions.20": "compute.regions.list",
                            "permissions.21": "compute.routers.list",
                            "permissions.22": "compute.routes.list",
                            "permissions.23": "compute.subnetworks.list",
                            "permissions.24": "compute.targetHttpProxies.get",
                            "permissions.25": "compute.targetHttpProxies.list",
                            "permissions.26": "compute.targetHttpsProxies.list",
                            "permissions.27": "compute.urlMaps.list",
                            "permissions.28": "compute.vpnGateways.list",
                            "permissions.29": "container.clusters.list",
                            "permissions.3": "bigtable.clusters.list",
                            "permissions.30": "dns.managedZones.list",
                            "permissions.31": "iam.roles.get",
                            "permissions.32": "iam.roles.list",
                            "permissions.33": "resourcemanager.projects.get",
                            "permissions.34": "storage.buckets.list",
                            "permissions.4": "bigtable.instances.list",
                            "permissions.5": "bigtable.tables.list",
                            "permissions.6": "cloudfunctions.functions.list",
                            "permissions.7": "cloudsql.instances.list",
                            "permissions.8": "compute.autoscalers.list",
                            "permissions.9": "compute.backendBuckets.list",
                            "project": "endless-anagram-367719",
                            "role_id": "lucidrole",
                            "stage": "",
                            "title": "Lucidscale Custom Role"
                        },
                        "meta": {
                            "schema_version": 0
                        },
                        "tainted": false
                    },
                    "deposed": [],
                    "provider": "provider.google"
                },
                "google_project_iam_member.tfer--projects-002F-endless-anagram-367719-002F-roles-002F-CustomComputeStorageAdminserviceAccount-003A-xxx-storage-3-0040-endless-anagram-367719-002E-iam-002E-gserviceaccount-002E-com": {
                    "type": "google_project_iam_member",
                    "depends_on": [],
                    "primary": {
                        "id": "projects/endless-anagram-367719/roles/CustomComputeStorageAdminserviceAccount:xxx-storage-3@endless-anagram-367719.iam.gserviceaccount.com",
                        "attributes": {
                            "condition.#": "0",
                            "etag": "BwXs+xGEpF4=",
                            "id": "projects/endless-anagram-367719/roles/CustomComputeStorageAdminserviceAccount:xxx-storage-3@endless-anagram-367719.iam.gserviceaccount.com",
                            "member": "serviceAccount:xxx-storage-3@endless-anagram-367719.iam.gserviceaccount.com",
                            "project": "endless-anagram-367719",
                            "role": "projects/endless-anagram-367719/roles/CustomComputeStorageAdmin"
                        },
                        "meta": {
                            "schema_version": 0
                        },
                        "tainted": false
                    },
                    "deposed": [],
                    "provider": "provider.google"
                },
                "google_project_iam_member.tfer--projects-002F-endless-anagram-367719-002F-roles-002F-lucidroleserviceAccount-003A-lucidserviceaccount-0040-endless-anagram-367719-002E-iam-002E-gserviceaccount-002E-com": {
                    "type": "google_project_iam_member",
                    "depends_on": [],
                    "primary": {
                        "id": "projects/endless-anagram-367719/roles/lucidroleserviceAccount:lucidserviceaccount@endless-anagram-367719.iam.gserviceaccount.com",
                        "attributes": {
                            "condition.#": "0",
                            "etag": "BwXs+xGEpF4=",
                            "id": "projects/endless-anagram-367719/roles/lucidroleserviceAccount:lucidserviceaccount@endless-anagram-367719.iam.gserviceaccount.com",
                            "member": "serviceAccount:lucidserviceaccount@endless-anagram-367719.iam.gserviceaccount.com",
                            "project": "endless-anagram-367719",
                            "role": "projects/endless-anagram-367719/roles/lucidrole"
                        },
                        "meta": {
                            "schema_version": 0
                        },
                        "tainted": false
                    },
                    "deposed": [],
                    "provider": "provider.google"
                },
                "google_project_iam_member.tfer--roles-002F-compute-002E-admindeleted-003A-serviceAccount-003A-compute-sa-0040-endless-anagram-367719-002E-iam-002E-gserviceaccount-002E-com-003F-uid-003D-107767844984970324465": {
                    "type": "google_project_iam_member",
                    "depends_on": [],
                    "primary": {
                        "id": "roles/compute.admindeleted:serviceAccount:compute-sa@endless-anagram-367719.iam.gserviceaccount.com?uid=107767844984970324465",
                        "attributes": {
                            "condition.#": "0",
                            "etag": "BwXs+xGEpF4=",
                            "id": "roles/compute.admindeleted:serviceAccount:compute-sa@endless-anagram-367719.iam.gserviceaccount.com?uid=107767844984970324465",
                            "member": "deleted:serviceAccount:compute-sa@endless-anagram-367719.iam.gserviceaccount.com?uid=107767844984970324465",
                            "project": "endless-anagram-367719",
                            "role": "roles/compute.admin"
                        },
                        "meta": {
                            "schema_version": 0
                        },
                        "tainted": false
                    },
                    "deposed": [],
                    "provider": "provider.google"
                },
                "google_project_iam_member.tfer--roles-002F-compute-002E-admindeleted-003A-serviceAccount-003A-custom-compute-allow-api-sa-0040-endless-anagram-367719-002E-iam-002E-gserviceaccount-002E-com-003F-uid-003D-105408376428894630018": {
                    "type": "google_project_iam_member",
                    "depends_on": [],
                    "primary": {
                        "id": "roles/compute.admindeleted:serviceAccount:custom-compute-allow-api-sa@endless-anagram-367719.iam.gserviceaccount.com?uid=105408376428894630018",
                        "attributes": {
                            "condition.#": "0",
                            "etag": "BwXs+xGEpF4=",
                            "id": "roles/compute.admindeleted:serviceAccount:custom-compute-allow-api-sa@endless-anagram-367719.iam.gserviceaccount.com?uid=105408376428894630018",
                            "member": "deleted:serviceAccount:custom-compute-allow-api-sa@endless-anagram-367719.iam.gserviceaccount.com?uid=105408376428894630018",
                            "project": "endless-anagram-367719",
                            "role": "roles/compute.admin"
                        },
                        "meta": {
                            "schema_version": 0
                        },
                        "tainted": false
                    },
                    "deposed": [],
                    "provider": "provider.google"
                },
                "google_project_iam_member.tfer--roles-002F-compute-002E-admindeleted-003A-serviceAccount-003A-step2-custom-sa-0040-endless-anagram-367719-002E-iam-002E-gserviceaccount-002E-com-003F-uid-003D-109878432368061753709": {
                    "type": "google_project_iam_member",
                    "depends_on": [],
                    "primary": {
                        "id": "roles/compute.admindeleted:serviceAccount:step2-custom-sa@endless-anagram-367719.iam.gserviceaccount.com?uid=109878432368061753709",
                        "attributes": {
                            "condition.#": "0",
                            "etag": "BwXs+xGEpF4=",
                            "id": "roles/compute.admindeleted:serviceAccount:step2-custom-sa@endless-anagram-367719.iam.gserviceaccount.com?uid=109878432368061753709",
                            "member": "deleted:serviceAccount:step2-custom-sa@endless-anagram-367719.iam.gserviceaccount.com?uid=109878432368061753709",
                            "project": "endless-anagram-367719",
                            "role": "roles/compute.admin"
                        },
                        "meta": {
                            "schema_version": 0
                        },
                        "tainted": false
                    },
                    "deposed": [],
                    "provider": "provider.google"
                },
                "google_project_iam_member.tfer--roles-002F-compute-002E-admindeleted-003A-serviceAccount-003A-test3-354-0040-endless-anagram-367719-002E-iam-002E-gserviceaccount-002E-com-003F-uid-003D-110283672400240489581": {
                    "type": "google_project_iam_member",
                    "depends_on": [],
                    "primary": {
                        "id": "roles/compute.admindeleted:serviceAccount:test3-354@endless-anagram-367719.iam.gserviceaccount.com?uid=110283672400240489581",
                        "attributes": {
                            "condition.#": "0",
                            "etag": "BwXs+xGEpF4=",
                            "id": "roles/compute.admindeleted:serviceAccount:test3-354@endless-anagram-367719.iam.gserviceaccount.com?uid=110283672400240489581",
                            "member": "deleted:serviceAccount:test3-354@endless-anagram-367719.iam.gserviceaccount.com?uid=110283672400240489581",
                            "project": "endless-anagram-367719",
                            "role": "roles/compute.admin"
                        },
                        "meta": {
                            "schema_version": 0
                        },
                        "tainted": false
                    },
                    "deposed": [],
                    "provider": "provider.google"
                },
                "google_project_iam_member.tfer--roles-002F-compute-002E-adminserviceAccount-003A-compute-sa-0040-endless-anagram-367719-002E-iam-002E-gserviceaccount-002E-com": {
                    "type": "google_project_iam_member",
                    "depends_on": [],
                    "primary": {
                        "id": "roles/compute.adminserviceAccount:compute-sa@endless-anagram-367719.iam.gserviceaccount.com",
                        "attributes": {
                            "condition.#": "0",
                            "etag": "BwXs+xGEpF4=",
                            "id": "roles/compute.adminserviceAccount:compute-sa@endless-anagram-367719.iam.gserviceaccount.com",
                            "member": "serviceAccount:compute-sa@endless-anagram-367719.iam.gserviceaccount.com",
                            "project": "endless-anagram-367719",
                            "role": "roles/compute.admin"
                        },
                        "meta": {
                            "schema_version": 0
                        },
                        "tainted": false
                    },
                    "deposed": [],
                    "provider": "provider.google"
                },
                "google_project_iam_member.tfer--roles-002F-compute-002E-adminserviceAccount-003A-xx-compute-sa-0040-endless-anagram-367719-002E-iam-002E-gserviceaccount-002E-com": {
                    "type": "google_project_iam_member",
                    "depends_on": [],
                    "primary": {
                        "id": "roles/compute.adminserviceAccount:xx-compute-sa@endless-anagram-367719.iam.gserviceaccount.com",
                        "attributes": {
                            "condition.#": "0",
                            "etag": "BwXs+xGEpF4=",
                            "id": "roles/compute.adminserviceAccount:xx-compute-sa@endless-anagram-367719.iam.gserviceaccount.com",
                            "member": "serviceAccount:xx-compute-sa@endless-anagram-367719.iam.gserviceaccount.com",
                            "project": "endless-anagram-367719",
                            "role": "roles/compute.admin"
                        },
                        "meta": {
                            "schema_version": 0
                        },
                        "tainted": false
                    },
                    "deposed": [],
                    "provider": "provider.google"
                },
                "google_project_iam_member.tfer--roles-002F-compute-002E-serviceAgentdeleted-003A-serviceAccount-003A-test-708-0040-endless-anagram-367719-002E-iam-002E-gserviceaccount-002E-com-003F-uid-003D-116222766579707969275": {
                    "type": "google_project_iam_member",
                    "depends_on": [],
                    "primary": {
                        "id": "roles/compute.serviceAgentdeleted:serviceAccount:test-708@endless-anagram-367719.iam.gserviceaccount.com?uid=116222766579707969275",
                        "attributes": {
                            "condition.#": "0",
                            "etag": "BwXs+xGEpF4=",
                            "id": "roles/compute.serviceAgentdeleted:serviceAccount:test-708@endless-anagram-367719.iam.gserviceaccount.com?uid=116222766579707969275",
                            "member": "deleted:serviceAccount:test-708@endless-anagram-367719.iam.gserviceaccount.com?uid=116222766579707969275",
                            "project": "endless-anagram-367719",
                            "role": "roles/compute.serviceAgent"
                        },
                        "meta": {
                            "schema_version": 0
                        },
                        "tainted": false
                    },
                    "deposed": [],
                    "provider": "provider.google"
                },
                "google_project_iam_member.tfer--roles-002F-compute-002E-serviceAgentdeleted-003A-serviceAccount-003A-test2-97-0040-endless-anagram-367719-002E-iam-002E-gserviceaccount-002E-com-003F-uid-003D-115386380173952232056": {
                    "type": "google_project_iam_member",
                    "depends_on": [],
                    "primary": {
                        "id": "roles/compute.serviceAgentdeleted:serviceAccount:test2-97@endless-anagram-367719.iam.gserviceaccount.com?uid=115386380173952232056",
                        "attributes": {
                            "condition.#": "0",
                            "etag": "BwXs+xGEpF4=",
                            "id": "roles/compute.serviceAgentdeleted:serviceAccount:test2-97@endless-anagram-367719.iam.gserviceaccount.com?uid=115386380173952232056",
                            "member": "deleted:serviceAccount:test2-97@endless-anagram-367719.iam.gserviceaccount.com?uid=115386380173952232056",
                            "project": "endless-anagram-367719",
                            "role": "roles/compute.serviceAgent"
                        },
                        "meta": {
                            "schema_version": 0
                        },
                        "tainted": false
                    },
                    "deposed": [],
                    "provider": "provider.google"
                },
                "google_project_iam_member.tfer--roles-002F-compute-002E-serviceAgentserviceAccount-003A-service-4533191612-0040-compute-system-002E-iam-002E-gserviceaccount-002E-com": {
                    "type": "google_project_iam_member",
                    "depends_on": [],
                    "primary": {
                        "id": "roles/compute.serviceAgentserviceAccount:service-4533191612@compute-system.iam.gserviceaccount.com",
                        "attributes": {
                            "condition.#": "0",
                            "etag": "BwXs+xGEpF4=",
                            "id": "roles/compute.serviceAgentserviceAccount:service-4533191612@compute-system.iam.gserviceaccount.com",
                            "member": "serviceAccount:service-4533191612@compute-system.iam.gserviceaccount.com",
                            "project": "endless-anagram-367719",
                            "role": "roles/compute.serviceAgent"
                        },
                        "meta": {
                            "schema_version": 0
                        },
                        "tainted": false
                    },
                    "deposed": [],
                    "provider": "provider.google"
                },
                "google_project_iam_member.tfer--roles-002F-compute-002E-storageAdmindeleted-003A-serviceAccount-003A-new-storage-sa-0040-endless-anagram-367719-002E-iam-002E-gserviceaccount-002E-com-003F-uid-003D-106359854061839878187": {
                    "type": "google_project_iam_member",
                    "depends_on": [],
                    "primary": {
                        "id": "roles/compute.storageAdmindeleted:serviceAccount:new-storage-sa@endless-anagram-367719.iam.gserviceaccount.com?uid=106359854061839878187",
                        "attributes": {
                            "condition.#": "0",
                            "etag": "BwXs+xGEpF4=",
                            "id": "roles/compute.storageAdmindeleted:serviceAccount:new-storage-sa@endless-anagram-367719.iam.gserviceaccount.com?uid=106359854061839878187",
                            "member": "deleted:serviceAccount:new-storage-sa@endless-anagram-367719.iam.gserviceaccount.com?uid=106359854061839878187",
                            "project": "endless-anagram-367719",
                            "role": "roles/compute.storageAdmin"
                        },
                        "meta": {
                            "schema_version": 0
                        },
                        "tainted": false
                    },
                    "deposed": [],
                    "provider": "provider.google"
                },
                "google_project_iam_member.tfer--roles-002F-compute-002E-storageAdminserviceAccount-003A-compute-storage-2-sa-0040-endless-anagram-367719-002E-iam-002E-gserviceaccount-002E-com": {
                    "type": "google_project_iam_member",
                    "depends_on": [],
                    "primary": {
                        "id": "roles/compute.storageAdminserviceAccount:compute-storage-2-sa@endless-anagram-367719.iam.gserviceaccount.com",
                        "attributes": {
                            "condition.#": "0",
                            "etag": "BwXs+xGEpF4=",
                            "id": "roles/compute.storageAdminserviceAccount:compute-storage-2-sa@endless-anagram-367719.iam.gserviceaccount.com",
                            "member": "serviceAccount:compute-storage-2-sa@endless-anagram-367719.iam.gserviceaccount.com",
                            "project": "endless-anagram-367719",
                            "role": "roles/compute.storageAdmin"
                        },
                        "meta": {
                            "schema_version": 0
                        },
                        "tainted": false
                    },
                    "deposed": [],
                    "provider": "provider.google"
                },
                "google_project_iam_member.tfer--roles-002F-compute-002E-storageAdminserviceAccount-003A-compute-storage-sa-0040-endless-anagram-367719-002E-iam-002E-gserviceaccount-002E-com": {
                    "type": "google_project_iam_member",
                    "depends_on": [],
                    "primary": {
                        "id": "roles/compute.storageAdminserviceAccount:compute-storage-sa@endless-anagram-367719.iam.gserviceaccount.com",
                        "attributes": {
                            "condition.#": "0",
                            "etag": "BwXs+xGEpF4=",
                            "id": "roles/compute.storageAdminserviceAccount:compute-storage-sa@endless-anagram-367719.iam.gserviceaccount.com",
                            "member": "serviceAccount:compute-storage-sa@endless-anagram-367719.iam.gserviceaccount.com",
                            "project": "endless-anagram-367719",
                            "role": "roles/compute.storageAdmin"
                        },
                        "meta": {
                            "schema_version": 0
                        },
                        "tainted": false
                    },
                    "deposed": [],
                    "provider": "provider.google"
                },
                "google_project_iam_member.tfer--roles-002F-compute-002E-storageAdminserviceAccount-003A-mybackup-sa-0040-endless-anagram-367719-002E-iam-002E-gserviceaccount-002E-com": {
                    "type": "google_project_iam_member",
                    "depends_on": [],
                    "primary": {
                        "id": "roles/compute.storageAdminserviceAccount:mybackup-sa@endless-anagram-367719.iam.gserviceaccount.com",
                        "attributes": {
                            "condition.#": "0",
                            "etag": "BwXs+xGEpF4=",
                            "id": "roles/compute.storageAdminserviceAccount:mybackup-sa@endless-anagram-367719.iam.gserviceaccount.com",
                            "member": "serviceAccount:mybackup-sa@endless-anagram-367719.iam.gserviceaccount.com",
                            "project": "endless-anagram-367719",
                            "role": "roles/compute.storageAdmin"
                        },
                        "meta": {
                            "schema_version": 0
                        },
                        "tainted": false
                    },
                    "deposed": [],
                    "provider": "provider.google"
                },
                "google_project_iam_member.tfer--roles-002F-compute-002E-storageAdminserviceAccount-003A-xx-compute-storage-sa-0040-endless-anagram-367719-002E-iam-002E-gserviceaccount-002E-com": {
                    "type": "google_project_iam_member",
                    "depends_on": [],
                    "primary": {
                        "id": "roles/compute.storageAdminserviceAccount:xx-compute-storage-sa@endless-anagram-367719.iam.gserviceaccount.com",
                        "attributes": {
                            "condition.#": "0",
                            "etag": "BwXs+xGEpF4=",
                            "id": "roles/compute.storageAdminserviceAccount:xx-compute-storage-sa@endless-anagram-367719.iam.gserviceaccount.com",
                            "member": "serviceAccount:xx-compute-storage-sa@endless-anagram-367719.iam.gserviceaccount.com",
                            "project": "endless-anagram-367719",
                            "role": "roles/compute.storageAdmin"
                        },
                        "meta": {
                            "schema_version": 0
                        },
                        "tainted": false
                    },
                    "deposed": [],
                    "provider": "provider.google"
                },
                "google_project_iam_member.tfer--roles-002F-container-002E-nodeServiceAgentserviceAccount-003A-service-4533191612-0040-gcp-sa-gkenode-002E-iam-002E-gserviceaccount-002E-com": {
                    "type": "google_project_iam_member",
                    "depends_on": [],
                    "primary": {
                        "id": "roles/container.nodeServiceAgentserviceAccount:service-4533191612@gcp-sa-gkenode.iam.gserviceaccount.com",
                        "attributes": {
                            "condition.#": "0",
                            "etag": "BwXs+xGEpF4=",
                            "id": "roles/container.nodeServiceAgentserviceAccount:service-4533191612@gcp-sa-gkenode.iam.gserviceaccount.com",
                            "member": "serviceAccount:service-4533191612@gcp-sa-gkenode.iam.gserviceaccount.com",
                            "project": "endless-anagram-367719",
                            "role": "roles/container.nodeServiceAgent"
                        },
                        "meta": {
                            "schema_version": 0
                        },
                        "tainted": false
                    },
                    "deposed": [],
                    "provider": "provider.google"
                },
                "google_project_iam_member.tfer--roles-002F-container-002E-serviceAgentserviceAccount-003A-service-4533191612-0040-container-engine-robot-002E-iam-002E-gserviceaccount-002E-com": {
                    "type": "google_project_iam_member",
                    "depends_on": [],
                    "primary": {
                        "id": "roles/container.serviceAgentserviceAccount:service-4533191612@container-engine-robot.iam.gserviceaccount.com",
                        "attributes": {
                            "condition.#": "0",
                            "etag": "BwXs+xGEpF4=",
                            "id": "roles/container.serviceAgentserviceAccount:service-4533191612@container-engine-robot.iam.gserviceaccount.com",
                            "member": "serviceAccount:service-4533191612@container-engine-robot.iam.gserviceaccount.com",
                            "project": "endless-anagram-367719",
                            "role": "roles/container.serviceAgent"
                        },
                        "meta": {
                            "schema_version": 0
                        },
                        "tainted": false
                    },
                    "deposed": [],
                    "provider": "provider.google"
                },
                "google_project_iam_member.tfer--roles-002F-containerregistry-002E-ServiceAgentserviceAccount-003A-service-4533191612-0040-containerregistry-002E-iam-002E-gserviceaccount-002E-com": {
                    "type": "google_project_iam_member",
                    "depends_on": [],
                    "primary": {
                        "id": "roles/containerregistry.ServiceAgentserviceAccount:service-4533191612@containerregistry.iam.gserviceaccount.com",
                        "attributes": {
                            "condition.#": "0",
                            "etag": "BwXs+xGEpF4=",
                            "id": "roles/containerregistry.ServiceAgentserviceAccount:service-4533191612@containerregistry.iam.gserviceaccount.com",
                            "member": "serviceAccount:service-4533191612@containerregistry.iam.gserviceaccount.com",
                            "project": "endless-anagram-367719",
                            "role": "roles/containerregistry.ServiceAgent"
                        },
                        "meta": {
                            "schema_version": 0
                        },
                        "tainted": false
                    },
                    "deposed": [],
                    "provider": "provider.google"
                },
                "google_project_iam_member.tfer--roles-002F-editorserviceAccount-003A-4533191612-0040-cloudservices-002E-gserviceaccount-002E-com": {
                    "type": "google_project_iam_member",
                    "depends_on": [],
                    "primary": {
                        "id": "roles/editorserviceAccount:4533191612@cloudservices.gserviceaccount.com",
                        "attributes": {
                            "condition.#": "0",
                            "etag": "BwXs+xGEpF4=",
                            "id": "roles/editorserviceAccount:4533191612@cloudservices.gserviceaccount.com",
                            "member": "serviceAccount:4533191612@cloudservices.gserviceaccount.com",
                            "project": "endless-anagram-367719",
                            "role": "roles/editor"
                        },
                        "meta": {
                            "schema_version": 0
                        },
                        "tainted": false
                    },
                    "deposed": [],
                    "provider": "provider.google"
                },
                "google_project_iam_member.tfer--roles-002F-editorserviceAccount-003A-4533191612-compute-0040-developer-002E-gserviceaccount-002E-com": {
                    "type": "google_project_iam_member",
                    "depends_on": [],
                    "primary": {
                        "id": "roles/editorserviceAccount:4533191612-compute@developer.gserviceaccount.com",
                        "attributes": {
                            "condition.#": "0",
                            "etag": "BwXs+xGEpF4=",
                            "id": "roles/editorserviceAccount:4533191612-compute@developer.gserviceaccount.com",
                            "member": "serviceAccount:4533191612-compute@developer.gserviceaccount.com",
                            "project": "endless-anagram-367719",
                            "role": "roles/editor"
                        },
                        "meta": {
                            "schema_version": 0
                        },
                        "tainted": false
                    },
                    "deposed": [],
                    "provider": "provider.google"
                },
                "google_project_iam_member.tfer--roles-002F-owneruser-003A-elamrani-002E-abdessamad-0040-gmail-002E-com": {
                    "type": "google_project_iam_member",
                    "depends_on": [],
                    "primary": {
                        "id": "roles/owneruser:elamrani.abdessamad@gmail.com",
                        "attributes": {
                            "condition.#": "0",
                            "etag": "BwXs+xGEpF4=",
                            "id": "roles/owneruser:elamrani.abdessamad@gmail.com",
                            "member": "user:elamrani.abdessamad@gmail.com",
                            "project": "endless-anagram-367719",
                            "role": "roles/owner"
                        },
                        "meta": {
                            "schema_version": 0
                        },
                        "tainted": false
                    },
                    "deposed": [],
                    "provider": "provider.google"
                },
                "google_project_iam_member.tfer--roles-002F-pubsub-002E-serviceAgentserviceAccount-003A-service-4533191612-0040-gcp-sa-pubsub-002E-iam-002E-gserviceaccount-002E-com": {
                    "type": "google_project_iam_member",
                    "depends_on": [],
                    "primary": {
                        "id": "roles/pubsub.serviceAgentserviceAccount:service-4533191612@gcp-sa-pubsub.iam.gserviceaccount.com",
                        "attributes": {
                            "condition.#": "0",
                            "etag": "BwXs+xGEpF4=",
                            "id": "roles/pubsub.serviceAgentserviceAccount:service-4533191612@gcp-sa-pubsub.iam.gserviceaccount.com",
                            "member": "serviceAccount:service-4533191612@gcp-sa-pubsub.iam.gserviceaccount.com",
                            "project": "endless-anagram-367719",
                            "role": "roles/pubsub.serviceAgent"
                        },
                        "meta": {
                            "schema_version": 0
                        },
                        "tainted": false
                    },
                    "deposed": [],
                    "provider": "provider.google"
                },
                "google_service_account.tfer--105613039950938395042": {
                    "type": "google_service_account",
                    "depends_on": [],
                    "primary": {
                        "id": "projects/endless-anagram-367719/serviceAccounts/lucidserviceaccount@endless-anagram-367719.iam.gserviceaccount.com",
                        "attributes": {
                            "account_id": "lucidserviceaccount",
                            "description": "",
                            "disabled": "false",
                            "display_name": "lucidserviceaccount",
                            "email": "lucidserviceaccount@endless-anagram-367719.iam.gserviceaccount.com",
                            "id": "projects/endless-anagram-367719/serviceAccounts/lucidserviceaccount@endless-anagram-367719.iam.gserviceaccount.com",
                            "member": "serviceAccount:lucidserviceaccount@endless-anagram-367719.iam.gserviceaccount.com",
                            "name": "projects/endless-anagram-367719/serviceAccounts/lucidserviceaccount@endless-anagram-367719.iam.gserviceaccount.com",
                            "project": "endless-anagram-367719",
                            "unique_id": "105613039950938395042"
                        },
                        "meta": {
                            "schema_version": 0
                        },
                        "tainted": false
                    },
                    "deposed": [],
                    "provider": "provider.google"
                },
                "google_service_account.tfer--105731518483251882836": {
                    "type": "google_service_account",
                    "depends_on": [],
                    "primary": {
                        "id": "projects/endless-anagram-367719/serviceAccounts/xxx-storage-3@endless-anagram-367719.iam.gserviceaccount.com",
                        "attributes": {
                            "account_id": "xxx-storage-3",
                            "description": "",
                            "disabled": "false",
                            "display_name": "xxx-storage-3",
                            "email": "xxx-storage-3@endless-anagram-367719.iam.gserviceaccount.com",
                            "id": "projects/endless-anagram-367719/serviceAccounts/xxx-storage-3@endless-anagram-367719.iam.gserviceaccount.com",
                            "member": "serviceAccount:xxx-storage-3@endless-anagram-367719.iam.gserviceaccount.com",
                            "name": "projects/endless-anagram-367719/serviceAccounts/xxx-storage-3@endless-anagram-367719.iam.gserviceaccount.com",
                            "project": "endless-anagram-367719",
                            "unique_id": "105731518483251882836"
                        },
                        "meta": {
                            "schema_version": 0
                        },
                        "tainted": false
                    },
                    "deposed": [],
                    "provider": "provider.google"
                },
                "google_service_account.tfer--105735222810807097699": {
                    "type": "google_service_account",
                    "depends_on": [],
                    "primary": {
                        "id": "projects/endless-anagram-367719/serviceAccounts/xx-compute@endless-anagram-367719.iam.gserviceaccount.com",
                        "attributes": {
                            "account_id": "xx-compute",
                            "description": "xx-compute",
                            "disabled": "false",
                            "display_name": "xx-compute",
                            "email": "xx-compute@endless-anagram-367719.iam.gserviceaccount.com",
                            "id": "projects/endless-anagram-367719/serviceAccounts/xx-compute@endless-anagram-367719.iam.gserviceaccount.com",
                            "member": "serviceAccount:xx-compute@endless-anagram-367719.iam.gserviceaccount.com",
                            "name": "projects/endless-anagram-367719/serviceAccounts/xx-compute@endless-anagram-367719.iam.gserviceaccount.com",
                            "project": "endless-anagram-367719",
                            "unique_id": "105735222810807097699"
                        },
                        "meta": {
                            "schema_version": 0
                        },
                        "tainted": false
                    },
                    "deposed": [],
                    "provider": "provider.google"
                },
                "google_service_account.tfer--108554115476500622596": {
                    "type": "google_service_account",
                    "depends_on": [],
                    "primary": {
                        "id": "projects/endless-anagram-367719/serviceAccounts/compute-sa@endless-anagram-367719.iam.gserviceaccount.com",
                        "attributes": {
                            "account_id": "compute-sa",
                            "description": "",
                            "disabled": "false",
                            "display_name": "compute-sa",
                            "email": "compute-sa@endless-anagram-367719.iam.gserviceaccount.com",
                            "id": "projects/endless-anagram-367719/serviceAccounts/compute-sa@endless-anagram-367719.iam.gserviceaccount.com",
                            "member": "serviceAccount:compute-sa@endless-anagram-367719.iam.gserviceaccount.com",
                            "name": "projects/endless-anagram-367719/serviceAccounts/compute-sa@endless-anagram-367719.iam.gserviceaccount.com",
                            "project": "endless-anagram-367719",
                            "unique_id": "108554115476500622596"
                        },
                        "meta": {
                            "schema_version": 0
                        },
                        "tainted": false
                    },
                    "deposed": [],
                    "provider": "provider.google"
                },
                "google_service_account.tfer--109092637019764240759": {
                    "type": "google_service_account",
                    "depends_on": [],
                    "primary": {
                        "id": "projects/endless-anagram-367719/serviceAccounts/xx-compute-sa@endless-anagram-367719.iam.gserviceaccount.com",
                        "attributes": {
                            "account_id": "xx-compute-sa",
                            "description": "xx-compute-sa",
                            "disabled": "false",
                            "display_name": "xx-compute-sa",
                            "email": "xx-compute-sa@endless-anagram-367719.iam.gserviceaccount.com",
                            "id": "projects/endless-anagram-367719/serviceAccounts/xx-compute-sa@endless-anagram-367719.iam.gserviceaccount.com",
                            "member": "serviceAccount:xx-compute-sa@endless-anagram-367719.iam.gserviceaccount.com",
                            "name": "projects/endless-anagram-367719/serviceAccounts/xx-compute-sa@endless-anagram-367719.iam.gserviceaccount.com",
                            "project": "endless-anagram-367719",
                            "unique_id": "109092637019764240759"
                        },
                        "meta": {
                            "schema_version": 0
                        },
                        "tainted": false
                    },
                    "deposed": [],
                    "provider": "provider.google"
                },
                "google_service_account.tfer--111357772811879342456": {
                    "type": "google_service_account",
                    "depends_on": [],
                    "primary": {
                        "id": "projects/endless-anagram-367719/serviceAccounts/compute-storage-sa@endless-anagram-367719.iam.gserviceaccount.com",
                        "attributes": {
                            "account_id": "compute-storage-sa",
                            "description": "",
                            "disabled": "false",
                            "display_name": "compute-storage-sa",
                            "email": "compute-storage-sa@endless-anagram-367719.iam.gserviceaccount.com",
                            "id": "projects/endless-anagram-367719/serviceAccounts/compute-storage-sa@endless-anagram-367719.iam.gserviceaccount.com",
                            "member": "serviceAccount:compute-storage-sa@endless-anagram-367719.iam.gserviceaccount.com",
                            "name": "projects/endless-anagram-367719/serviceAccounts/compute-storage-sa@endless-anagram-367719.iam.gserviceaccount.com",
                            "project": "endless-anagram-367719",
                            "unique_id": "111357772811879342456"
                        },
                        "meta": {
                            "schema_version": 0
                        },
                        "tainted": false
                    },
                    "deposed": [],
                    "provider": "provider.google"
                },
                "google_service_account.tfer--114481382785057472436": {
                    "type": "google_service_account",
                    "depends_on": [],
                    "primary": {
                        "id": "projects/endless-anagram-367719/serviceAccounts/mybackup-sa@endless-anagram-367719.iam.gserviceaccount.com",
                        "attributes": {
                            "account_id": "mybackup-sa",
                            "description": "service account to backup to storage ",
                            "disabled": "false",
                            "display_name": "mybackup-sa",
                            "email": "mybackup-sa@endless-anagram-367719.iam.gserviceaccount.com",
                            "id": "projects/endless-anagram-367719/serviceAccounts/mybackup-sa@endless-anagram-367719.iam.gserviceaccount.com",
                            "member": "serviceAccount:mybackup-sa@endless-anagram-367719.iam.gserviceaccount.com",
                            "name": "projects/endless-anagram-367719/serviceAccounts/mybackup-sa@endless-anagram-367719.iam.gserviceaccount.com",
                            "project": "endless-anagram-367719",
                            "unique_id": "114481382785057472436"
                        },
                        "meta": {
                            "schema_version": 0
                        },
                        "tainted": false
                    },
                    "deposed": [],
                    "provider": "provider.google"
                },
                "google_service_account.tfer--117596413964166341926": {
                    "type": "google_service_account",
                    "depends_on": [],
                    "primary": {
                        "id": "projects/endless-anagram-367719/serviceAccounts/xx-compute-storage-sa@endless-anagram-367719.iam.gserviceaccount.com",
                        "attributes": {
                            "account_id": "xx-compute-storage-sa",
                            "description": "xx-compute-storage-sa",
                            "disabled": "false",
                            "display_name": "xx-compute-storage-sa",
                            "email": "xx-compute-storage-sa@endless-anagram-367719.iam.gserviceaccount.com",
                            "id": "projects/endless-anagram-367719/serviceAccounts/xx-compute-storage-sa@endless-anagram-367719.iam.gserviceaccount.com",
                            "member": "serviceAccount:xx-compute-storage-sa@endless-anagram-367719.iam.gserviceaccount.com",
                            "name": "projects/endless-anagram-367719/serviceAccounts/xx-compute-storage-sa@endless-anagram-367719.iam.gserviceaccount.com",
                            "project": "endless-anagram-367719",
                            "unique_id": "117596413964166341926"
                        },
                        "meta": {
                            "schema_version": 0
                        },
                        "tainted": false
                    },
                    "deposed": [],
                    "provider": "provider.google"
                },
                "google_service_account.tfer--117743372178817885957": {
                    "type": "google_service_account",
                    "depends_on": [],
                    "primary": {
                        "id": "projects/endless-anagram-367719/serviceAccounts/compute-storage-2-sa@endless-anagram-367719.iam.gserviceaccount.com",
                        "attributes": {
                            "account_id": "compute-storage-2-sa",
                            "description": "",
                            "disabled": "false",
                            "display_name": "compute-storage-2-sa",
                            "email": "compute-storage-2-sa@endless-anagram-367719.iam.gserviceaccount.com",
                            "id": "projects/endless-anagram-367719/serviceAccounts/compute-storage-2-sa@endless-anagram-367719.iam.gserviceaccount.com",
                            "member": "serviceAccount:compute-storage-2-sa@endless-anagram-367719.iam.gserviceaccount.com",
                            "name": "projects/endless-anagram-367719/serviceAccounts/compute-storage-2-sa@endless-anagram-367719.iam.gserviceaccount.com",
                            "project": "endless-anagram-367719",
                            "unique_id": "117743372178817885957"
                        },
                        "meta": {
                            "schema_version": 0
                        },
                        "tainted": false
                    },
                    "deposed": [],
                    "provider": "provider.google"
                }
            },
            "depends_on": []
        }
    ]
}
