{
    "version": 3,
    "terraform_version": "0.12.31",
    "serial": 1,
    "lineage": "de97ca75-8329-c4d4-55bd-e2964b853a4c",
    "modules": [
        {
            "path": [
                "root"
            ],
            "outputs": {
                "google_project_iam_member_tfer--roles-002F-compute-002E-serviceAgentserviceAccount-003A-service-4533191612-0040-compute-system-002E-iam-002E-gserviceaccount-002E-com_id": {
                    "sensitive": false,
                    "type": "string",
                    "value": "roles/compute.serviceAgentserviceAccount:service-4533191612@compute-system.iam.gserviceaccount.com"
                },
                "google_project_iam_member_tfer--roles-002F-compute-002E-storageAdminserviceAccount-003A-mybackup-sa-0040-endless-anagram-367719-002E-iam-002E-gserviceaccount-002E-com_id": {
                    "sensitive": false,
                    "type": "string",
                    "value": "roles/compute.storageAdminserviceAccount:mybackup-sa@endless-anagram-367719.iam.gserviceaccount.com"
                },
                "google_project_iam_member_tfer--roles-002F-editorserviceAccount-003A-4533191612-0040-cloudservices-002E-gserviceaccount-002E-com_id": {
                    "sensitive": false,
                    "type": "string",
                    "value": "roles/editorserviceAccount:4533191612@cloudservices.gserviceaccount.com"
                },
                "google_project_iam_member_tfer--roles-002F-editorserviceAccount-003A-4533191612-compute-0040-developer-002E-gserviceaccount-002E-com_id": {
                    "sensitive": false,
                    "type": "string",
                    "value": "roles/editorserviceAccount:4533191612-compute@developer.gserviceaccount.com"
                },
                "google_project_iam_member_tfer--roles-002F-owneruser-003A-elamrani-002E-abdessamad-0040-gmail-002E-com_id": {
                    "sensitive": false,
                    "type": "string",
                    "value": "roles/owneruser:elamrani.abdessamad@gmail.com"
                },
                "google_service_account_tfer--114481382785057472436_id": {
                    "sensitive": false,
                    "type": "string",
                    "value": "projects/endless-anagram-367719/serviceAccounts/mybackup-sa@endless-anagram-367719.iam.gserviceaccount.com"
                }
            },
            "resources": {
                "google_project_iam_member.tfer--roles-002F-compute-002E-serviceAgentserviceAccount-003A-service-4533191612-0040-compute-system-002E-iam-002E-gserviceaccount-002E-com": {
                    "type": "google_project_iam_member",
                    "depends_on": [],
                    "primary": {
                        "id": "roles/compute.serviceAgentserviceAccount:service-4533191612@compute-system.iam.gserviceaccount.com",
                        "attributes": {
                            "condition.#": "0",
                            "etag": "BwXs39J7l2k=",
                            "id": "roles/compute.serviceAgentserviceAccount:service-4533191612@compute-system.iam.gserviceaccount.com",
                            "member": "serviceAccount:service-4533191612@compute-system.iam.gserviceaccount.com",
                            "project": "endless-anagram-367719",
                            "role": "roles/compute.serviceAgent"
                        },
                        "meta": {
                            "schema_version": 0
                        },
                        "tainted": false
                    },
                    "deposed": [],
                    "provider": "provider.google"
                },
                "google_project_iam_member.tfer--roles-002F-compute-002E-storageAdminserviceAccount-003A-mybackup-sa-0040-endless-anagram-367719-002E-iam-002E-gserviceaccount-002E-com": {
                    "type": "google_project_iam_member",
                    "depends_on": [],
                    "primary": {
                        "id": "roles/compute.storageAdminserviceAccount:mybackup-sa@endless-anagram-367719.iam.gserviceaccount.com",
                        "attributes": {
                            "condition.#": "0",
                            "etag": "BwXs39J7l2k=",
                            "id": "roles/compute.storageAdminserviceAccount:mybackup-sa@endless-anagram-367719.iam.gserviceaccount.com",
                            "member": "serviceAccount:mybackup-sa@endless-anagram-367719.iam.gserviceaccount.com",
                            "project": "endless-anagram-367719",
                            "role": "roles/compute.storageAdmin"
                        },
                        "meta": {
                            "schema_version": 0
                        },
                        "tainted": false
                    },
                    "deposed": [],
                    "provider": "provider.google"
                },
                "google_project_iam_member.tfer--roles-002F-editorserviceAccount-003A-4533191612-0040-cloudservices-002E-gserviceaccount-002E-com": {
                    "type": "google_project_iam_member",
                    "depends_on": [],
                    "primary": {
                        "id": "roles/editorserviceAccount:4533191612@cloudservices.gserviceaccount.com",
                        "attributes": {
                            "condition.#": "0",
                            "etag": "BwXs39J7l2k=",
                            "id": "roles/editorserviceAccount:4533191612@cloudservices.gserviceaccount.com",
                            "member": "serviceAccount:4533191612@cloudservices.gserviceaccount.com",
                            "project": "endless-anagram-367719",
                            "role": "roles/editor"
                        },
                        "meta": {
                            "schema_version": 0
                        },
                        "tainted": false
                    },
                    "deposed": [],
                    "provider": "provider.google"
                },
                "google_project_iam_member.tfer--roles-002F-editorserviceAccount-003A-4533191612-compute-0040-developer-002E-gserviceaccount-002E-com": {
                    "type": "google_project_iam_member",
                    "depends_on": [],
                    "primary": {
                        "id": "roles/editorserviceAccount:4533191612-compute@developer.gserviceaccount.com",
                        "attributes": {
                            "condition.#": "0",
                            "etag": "BwXs39J7l2k=",
                            "id": "roles/editorserviceAccount:4533191612-compute@developer.gserviceaccount.com",
                            "member": "serviceAccount:4533191612-compute@developer.gserviceaccount.com",
                            "project": "endless-anagram-367719",
                            "role": "roles/editor"
                        },
                        "meta": {
                            "schema_version": 0
                        },
                        "tainted": false
                    },
                    "deposed": [],
                    "provider": "provider.google"
                },
                "google_project_iam_member.tfer--roles-002F-owneruser-003A-elamrani-002E-abdessamad-0040-gmail-002E-com": {
                    "type": "google_project_iam_member",
                    "depends_on": [],
                    "primary": {
                        "id": "roles/owneruser:elamrani.abdessamad@gmail.com",
                        "attributes": {
                            "condition.#": "0",
                            "etag": "BwXs39J7l2k=",
                            "id": "roles/owneruser:elamrani.abdessamad@gmail.com",
                            "member": "user:elamrani.abdessamad@gmail.com",
                            "project": "endless-anagram-367719",
                            "role": "roles/owner"
                        },
                        "meta": {
                            "schema_version": 0
                        },
                        "tainted": false
                    },
                    "deposed": [],
                    "provider": "provider.google"
                },
                "google_service_account.tfer--114481382785057472436": {
                    "type": "google_service_account",
                    "depends_on": [],
                    "primary": {
                        "id": "projects/endless-anagram-367719/serviceAccounts/mybackup-sa@endless-anagram-367719.iam.gserviceaccount.com",
                        "attributes": {
                            "account_id": "mybackup-sa",
                            "description": "service account to backup to storage ",
                            "disabled": "false",
                            "display_name": "mybackup-sa",
                            "email": "mybackup-sa@endless-anagram-367719.iam.gserviceaccount.com",
                            "id": "projects/endless-anagram-367719/serviceAccounts/mybackup-sa@endless-anagram-367719.iam.gserviceaccount.com",
                            "member": "serviceAccount:mybackup-sa@endless-anagram-367719.iam.gserviceaccount.com",
                            "name": "projects/endless-anagram-367719/serviceAccounts/mybackup-sa@endless-anagram-367719.iam.gserviceaccount.com",
                            "project": "endless-anagram-367719",
                            "unique_id": "114481382785057472436"
                        },
                        "meta": {
                            "schema_version": 0
                        },
                        "tainted": false
                    },
                    "deposed": [],
                    "provider": "provider.google"
                }
            },
            "depends_on": []
        }
    ]
}
