{
  "version": 4,
  "terraform_version": "1.3.4",
  "serial": 2,
  "lineage": "294b9025-552c-f985-050a-e08951e6cf21",
  "outputs": {
    "google_compute_disk_tfer--europe-west1-b-002F-mongo-db_self_link": {
      "value": "https://www.googleapis.com/compute/v1/projects/endless-anagram-367719/zones/europe-west1-b/disks/mongo-db",
      "type": "string"
    }
  },
  "resources": [
    {
      "mode": "managed",
      "type": "google_compute_disk",
      "name": "tfer--europe-west1-b-002F-mongo-db",
      "provider": "provider[\"registry.terraform.io/hashicorp/google\"]",
      "instances": [
        {
          "schema_version": 0,
          "attributes": {
            "creation_timestamp": "2022-11-07T08:36:00.115-08:00",
            "description": "",
            "disk_encryption_key": [],
            "id": "projects/endless-anagram-367719/zones/europe-west1-b/disks/mongo-db",
            "image": "https://www.googleapis.com/compute/v1/projects/ubuntu-os-cloud/global/images/ubuntu-1804-bionic-v20221018",
            "label_fingerprint": "42WmSpB8rSM=",
            "labels": null,
            "last_attach_timestamp": "",
            "last_detach_timestamp": "",
            "name": "mongo-db",
            "physical_block_size_bytes": 4096,
            "project": "endless-anagram-367719",
            "provisioned_iops": 0,
            "self_link": "https://www.googleapis.com/compute/v1/projects/endless-anagram-367719/zones/europe-west1-b/disks/mongo-db",
            "size": 10,
            "snapshot": "",
            "source_disk": "",
            "source_disk_id": "",
            "source_image_encryption_key": [],
            "source_image_id": "1318845844012858258",
            "source_snapshot_encryption_key": [],
            "source_snapshot_id": "",
            "timeouts": null,
            "type": "pd-balanced",
            "users": [],
            "zone": "europe-west1-b"
          },
          "sensitive_attributes": [],
          "private": "eyJlMmJmYjczMC1lY2FhLTExZTYtOGY4OC0zNDM2M2JjN2M0YzAiOnsiY3JlYXRlIjoxMjAwMDAwMDAwMDAwLCJkZWxldGUiOjEyMDAwMDAwMDAwMDAsInVwZGF0ZSI6MTIwMDAwMDAwMDAwMH19"
        }
      ]
    }
  ],
  "check_results": null
}
