{
    "version": 3,
    "terraform_version": "0.12.31",
    "serial": 1,
    "lineage": "488ffdd0-f63a-da3a-051b-322af17c7b59",
    "modules": [
        {
            "path": [
                "root"
            ],
            "outputs": {
                "google_compute_disk_tfer--europe-west1-b-002F-attacker-1_self_link": {
                    "sensitive": false,
                    "type": "string",
                    "value": "https://www.googleapis.com/compute/v1/projects/endless-anagram-367719/zones/europe-west1-b/disks/attacker-1"
                },
                "google_compute_disk_tfer--europe-west1-b-002F-gke-gke-abde-node-pool1-a5eb30e0-4lmp_self_link": {
                    "sensitive": false,
                    "type": "string",
                    "value": "https://www.googleapis.com/compute/v1/projects/endless-anagram-367719/zones/europe-west1-b/disks/gke-gke-abde-node-pool1-a5eb30e0-4lmp"
                },
                "google_compute_disk_tfer--europe-west1-b-002F-gke-gke-abde-node-pool1-a5eb30e0-l4zz_self_link": {
                    "sensitive": false,
                    "type": "string",
                    "value": "https://www.googleapis.com/compute/v1/projects/endless-anagram-367719/zones/europe-west1-b/disks/gke-gke-abde-node-pool1-a5eb30e0-l4zz"
                },
                "google_compute_disk_tfer--europe-west1-b-002F-mongo-db_self_link": {
                    "sensitive": false,
                    "type": "string",
                    "value": "https://www.googleapis.com/compute/v1/projects/endless-anagram-367719/zones/europe-west1-b/disks/mongo-db"
                },
                "google_compute_disk_tfer--europe-west1-b-002F-pvc-4bcb0877-e6d6-42f5-8d21-52570791b8c9_self_link": {
                    "sensitive": false,
                    "type": "string",
                    "value": "https://www.googleapis.com/compute/v1/projects/endless-anagram-367719/zones/europe-west1-b/disks/pvc-4bcb0877-e6d6-42f5-8d21-52570791b8c9"
                },
                "google_compute_disk_tfer--europe-west1-b-002F-pvc-a0137660-5420-4af6-b62f-0e7b705766ab_self_link": {
                    "sensitive": false,
                    "type": "string",
                    "value": "https://www.googleapis.com/compute/v1/projects/endless-anagram-367719/zones/europe-west1-b/disks/pvc-a0137660-5420-4af6-b62f-0e7b705766ab"
                }
            },
            "resources": {
                "google_compute_disk.tfer--europe-west1-b-002F-attacker-1": {
                    "type": "google_compute_disk",
                    "depends_on": [],
                    "primary": {
                        "id": "europe-west1-b/attacker-1",
                        "attributes": {
                            "creation_timestamp": "2022-11-13T22:41:14.162-08:00",
                            "description": "",
                            "disk_encryption_key.#": "0",
                            "id": "europe-west1-b/attacker-1",
                            "image": "https://www.googleapis.com/compute/v1/projects/debian-cloud/global/images/debian-10-buster-v20221102",
                            "label_fingerprint": "42WmSpB8rSM=",
                            "labels.%": "0",
                            "last_attach_timestamp": "2022-11-13T22:41:14.162-08:00",
                            "last_detach_timestamp": "",
                            "name": "attacker-1",
                            "physical_block_size_bytes": "4096",
                            "project": "endless-anagram-367719",
                            "provisioned_iops": "0",
                            "self_link": "https://www.googleapis.com/compute/v1/projects/endless-anagram-367719/zones/europe-west1-b/disks/attacker-1",
                            "size": "10",
                            "snapshot": "",
                            "source_disk": "",
                            "source_disk_id": "",
                            "source_image_encryption_key.#": "0",
                            "source_image_id": "5368580991425150327",
                            "source_snapshot_encryption_key.#": "0",
                            "source_snapshot_id": "",
                            "type": "pd-balanced",
                            "users.#": "1",
                            "users.0": "https://www.googleapis.com/compute/v1/projects/endless-anagram-367719/zones/europe-west1-b/instances/attacker-1",
                            "zone": "europe-west1-b"
                        },
                        "meta": {
                            "schema_version": 0
                        },
                        "tainted": false
                    },
                    "deposed": [],
                    "provider": "provider.google"
                },
                "google_compute_disk.tfer--europe-west1-b-002F-gke-gke-abde-node-pool1-a5eb30e0-4lmp": {
                    "type": "google_compute_disk",
                    "depends_on": [],
                    "primary": {
                        "id": "europe-west1-b/gke-gke-abde-node-pool1-a5eb30e0-4lmp",
                        "attributes": {
                            "creation_timestamp": "2022-11-07T13:51:49.838-08:00",
                            "description": "",
                            "disk_encryption_key.#": "0",
                            "id": "europe-west1-b/gke-gke-abde-node-pool1-a5eb30e0-4lmp",
                            "image": "https://www.googleapis.com/compute/v1/projects/gke-node-images/global/images/gke-1238-gke1900-cos-93-16623-227-1-v220715-c-pre",
                            "label_fingerprint": "nT7_dAxskBs=",
                            "labels.%": "1",
                            "labels.goog-gke-volume": "",
                            "last_attach_timestamp": "2022-11-07T13:51:49.839-08:00",
                            "last_detach_timestamp": "",
                            "name": "gke-gke-abde-node-pool1-a5eb30e0-4lmp",
                            "physical_block_size_bytes": "4096",
                            "project": "endless-anagram-367719",
                            "provisioned_iops": "0",
                            "self_link": "https://www.googleapis.com/compute/v1/projects/endless-anagram-367719/zones/europe-west1-b/disks/gke-gke-abde-node-pool1-a5eb30e0-4lmp",
                            "size": "100",
                            "snapshot": "",
                            "source_disk": "",
                            "source_disk_id": "",
                            "source_image_encryption_key.#": "0",
                            "source_image_id": "7813321868579133822",
                            "source_snapshot_encryption_key.#": "0",
                            "source_snapshot_id": "",
                            "type": "pd-standard",
                            "users.#": "1",
                            "users.0": "https://www.googleapis.com/compute/v1/projects/endless-anagram-367719/zones/europe-west1-b/instances/gke-gke-abde-node-pool1-a5eb30e0-4lmp",
                            "zone": "europe-west1-b"
                        },
                        "meta": {
                            "schema_version": 0
                        },
                        "tainted": false
                    },
                    "deposed": [],
                    "provider": "provider.google"
                },
                "google_compute_disk.tfer--europe-west1-b-002F-gke-gke-abde-node-pool1-a5eb30e0-l4zz": {
                    "type": "google_compute_disk",
                    "depends_on": [],
                    "primary": {
                        "id": "europe-west1-b/gke-gke-abde-node-pool1-a5eb30e0-l4zz",
                        "attributes": {
                            "creation_timestamp": "2022-11-07T13:51:50.163-08:00",
                            "description": "",
                            "disk_encryption_key.#": "0",
                            "id": "europe-west1-b/gke-gke-abde-node-pool1-a5eb30e0-l4zz",
                            "image": "https://www.googleapis.com/compute/v1/projects/gke-node-images/global/images/gke-1238-gke1900-cos-93-16623-227-1-v220715-c-pre",
                            "label_fingerprint": "nT7_dAxskBs=",
                            "labels.%": "1",
                            "labels.goog-gke-volume": "",
                            "last_attach_timestamp": "2022-11-07T13:51:50.163-08:00",
                            "last_detach_timestamp": "",
                            "name": "gke-gke-abde-node-pool1-a5eb30e0-l4zz",
                            "physical_block_size_bytes": "4096",
                            "project": "endless-anagram-367719",
                            "provisioned_iops": "0",
                            "self_link": "https://www.googleapis.com/compute/v1/projects/endless-anagram-367719/zones/europe-west1-b/disks/gke-gke-abde-node-pool1-a5eb30e0-l4zz",
                            "size": "100",
                            "snapshot": "",
                            "source_disk": "",
                            "source_disk_id": "",
                            "source_image_encryption_key.#": "0",
                            "source_image_id": "7813321868579133822",
                            "source_snapshot_encryption_key.#": "0",
                            "source_snapshot_id": "",
                            "type": "pd-standard",
                            "users.#": "1",
                            "users.0": "https://www.googleapis.com/compute/v1/projects/endless-anagram-367719/zones/europe-west1-b/instances/gke-gke-abde-node-pool1-a5eb30e0-l4zz",
                            "zone": "europe-west1-b"
                        },
                        "meta": {
                            "schema_version": 0
                        },
                        "tainted": false
                    },
                    "deposed": [],
                    "provider": "provider.google"
                },
                "google_compute_disk.tfer--europe-west1-b-002F-mongo-db": {
                    "type": "google_compute_disk",
                    "depends_on": [],
                    "primary": {
                        "id": "europe-west1-b/mongo-db",
                        "attributes": {
                            "creation_timestamp": "2022-11-13T10:01:36.811-08:00",
                            "description": "",
                            "disk_encryption_key.#": "0",
                            "id": "europe-west1-b/mongo-db",
                            "image": "https://www.googleapis.com/compute/v1/projects/ubuntu-os-pro-cloud/global/images/ubuntu-pro-1604-xenial-v20220810",
                            "label_fingerprint": "42WmSpB8rSM=",
                            "labels.%": "0",
                            "last_attach_timestamp": "2022-11-13T10:01:36.811-08:00",
                            "last_detach_timestamp": "",
                            "name": "mongo-db",
                            "physical_block_size_bytes": "4096",
                            "project": "endless-anagram-367719",
                            "provisioned_iops": "0",
                            "self_link": "https://www.googleapis.com/compute/v1/projects/endless-anagram-367719/zones/europe-west1-b/disks/mongo-db",
                            "size": "10",
                            "snapshot": "",
                            "source_disk": "",
                            "source_disk_id": "",
                            "source_image_encryption_key.#": "0",
                            "source_image_id": "2560324673679702641",
                            "source_snapshot_encryption_key.#": "0",
                            "source_snapshot_id": "",
                            "type": "pd-balanced",
                            "users.#": "1",
                            "users.0": "https://www.googleapis.com/compute/v1/projects/endless-anagram-367719/zones/europe-west1-b/instances/mongo-db",
                            "zone": "europe-west1-b"
                        },
                        "meta": {
                            "schema_version": 0
                        },
                        "tainted": false
                    },
                    "deposed": [],
                    "provider": "provider.google"
                },
                "google_compute_disk.tfer--europe-west1-b-002F-pvc-4bcb0877-e6d6-42f5-8d21-52570791b8c9": {
                    "type": "google_compute_disk",
                    "depends_on": [],
                    "primary": {
                        "id": "europe-west1-b/pvc-4bcb0877-e6d6-42f5-8d21-52570791b8c9",
                        "attributes": {
                            "creation_timestamp": "2022-11-13T15:05:12.343-08:00",
                            "description": "{\"kubernetes.io/created-for/pv/name\":\"pvc-4bcb0877-e6d6-42f5-8d21-52570791b8c9\",\"kubernetes.io/created-for/pvc/name\":\"wp-pv-claim\",\"kubernetes.io/created-for/pvc/namespace\":\"default\",\"storage.gke.io/created-by\":\"pd.csi.storage.gke.io\"}",
                            "disk_encryption_key.#": "0",
                            "id": "europe-west1-b/pvc-4bcb0877-e6d6-42f5-8d21-52570791b8c9",
                            "image": "",
                            "label_fingerprint": "nT7_dAxskBs=",
                            "labels.%": "1",
                            "labels.goog-gke-volume": "",
                            "last_attach_timestamp": "2022-11-13T15:05:19.367-08:00",
                            "last_detach_timestamp": "",
                            "name": "pvc-4bcb0877-e6d6-42f5-8d21-52570791b8c9",
                            "physical_block_size_bytes": "4096",
                            "project": "endless-anagram-367719",
                            "provisioned_iops": "0",
                            "self_link": "https://www.googleapis.com/compute/v1/projects/endless-anagram-367719/zones/europe-west1-b/disks/pvc-4bcb0877-e6d6-42f5-8d21-52570791b8c9",
                            "size": "20",
                            "snapshot": "",
                            "source_disk": "",
                            "source_disk_id": "",
                            "source_image_encryption_key.#": "0",
                            "source_image_id": "",
                            "source_snapshot_encryption_key.#": "0",
                            "source_snapshot_id": "",
                            "type": "pd-standard",
                            "users.#": "1",
                            "users.0": "https://www.googleapis.com/compute/v1/projects/endless-anagram-367719/zones/europe-west1-b/instances/gke-gke-abde-node-pool1-a5eb30e0-4lmp",
                            "zone": "europe-west1-b"
                        },
                        "meta": {
                            "schema_version": 0
                        },
                        "tainted": false
                    },
                    "deposed": [],
                    "provider": "provider.google"
                },
                "google_compute_disk.tfer--europe-west1-b-002F-pvc-a0137660-5420-4af6-b62f-0e7b705766ab": {
                    "type": "google_compute_disk",
                    "depends_on": [],
                    "primary": {
                        "id": "europe-west1-b/pvc-a0137660-5420-4af6-b62f-0e7b705766ab",
                        "attributes": {
                            "creation_timestamp": "2022-11-13T15:04:38.715-08:00",
                            "description": "{\"kubernetes.io/created-for/pv/name\":\"pvc-a0137660-5420-4af6-b62f-0e7b705766ab\",\"kubernetes.io/created-for/pvc/name\":\"mysql-pv-claim\",\"kubernetes.io/created-for/pvc/namespace\":\"default\",\"storage.gke.io/created-by\":\"pd.csi.storage.gke.io\"}",
                            "disk_encryption_key.#": "0",
                            "id": "europe-west1-b/pvc-a0137660-5420-4af6-b62f-0e7b705766ab",
                            "image": "",
                            "label_fingerprint": "nT7_dAxskBs=",
                            "labels.%": "1",
                            "labels.goog-gke-volume": "",
                            "last_attach_timestamp": "2022-11-13T15:05:00.134-08:00",
                            "last_detach_timestamp": "",
                            "name": "pvc-a0137660-5420-4af6-b62f-0e7b705766ab",
                            "physical_block_size_bytes": "4096",
                            "project": "endless-anagram-367719",
                            "provisioned_iops": "0",
                            "self_link": "https://www.googleapis.com/compute/v1/projects/endless-anagram-367719/zones/europe-west1-b/disks/pvc-a0137660-5420-4af6-b62f-0e7b705766ab",
                            "size": "20",
                            "snapshot": "",
                            "source_disk": "",
                            "source_disk_id": "",
                            "source_image_encryption_key.#": "0",
                            "source_image_id": "",
                            "source_snapshot_encryption_key.#": "0",
                            "source_snapshot_id": "",
                            "type": "pd-standard",
                            "users.#": "1",
                            "users.0": "https://www.googleapis.com/compute/v1/projects/endless-anagram-367719/zones/europe-west1-b/instances/gke-gke-abde-node-pool1-a5eb30e0-4lmp",
                            "zone": "europe-west1-b"
                        },
                        "meta": {
                            "schema_version": 0
                        },
                        "tainted": false
                    },
                    "deposed": [],
                    "provider": "provider.google"
                }
            },
            "depends_on": []
        }
    ]
}
