{
    "version": 3,
    "terraform_version": "0.12.31",
    "serial": 1,
    "lineage": "3c3d178a-ab31-9266-3a85-dcf357433998",
    "modules": [
        {
            "path": [
                "root"
            ],
            "outputs": {
                "google_compute_instance_tfer--attacker-1_self_link": {
                    "sensitive": false,
                    "type": "string",
                    "value": "https://www.googleapis.com/compute/v1/projects/endless-anagram-367719/zones/europe-west1-b/instances/attacker-1"
                },
                "google_compute_instance_tfer--mongo-db_self_link": {
                    "sensitive": false,
                    "type": "string",
                    "value": "https://www.googleapis.com/compute/v1/projects/endless-anagram-367719/zones/europe-west1-b/instances/mongo-db"
                }
            },
            "resources": {
                "google_compute_instance.tfer--attacker-1": {
                    "type": "google_compute_instance",
                    "depends_on": [],
                    "primary": {
                        "id": "projects/endless-anagram-367719/zones/europe-west1-b/instances/attacker-1",
                        "attributes": {
                            "advanced_machine_features.#": "0",
                            "attached_disk.#": "0",
                            "boot_disk.#": "1",
                            "boot_disk.0.auto_delete": "true",
                            "boot_disk.0.device_name": "attacker",
                            "boot_disk.0.disk_encryption_key_raw": "",
                            "boot_disk.0.disk_encryption_key_sha256": "",
                            "boot_disk.0.initialize_params.#": "1",
                            "boot_disk.0.initialize_params.0.image": "https://www.googleapis.com/compute/v1/projects/debian-cloud/global/images/debian-10-buster-v20221102",
                            "boot_disk.0.initialize_params.0.labels.%": "0",
                            "boot_disk.0.initialize_params.0.size": "10",
                            "boot_disk.0.initialize_params.0.type": "pd-balanced",
                            "boot_disk.0.kms_key_self_link": "",
                            "boot_disk.0.mode": "READ_WRITE",
                            "boot_disk.0.source": "https://www.googleapis.com/compute/v1/projects/endless-anagram-367719/zones/europe-west1-b/disks/attacker-1",
                            "can_ip_forward": "false",
                            "confidential_instance_config.#": "1",
                            "confidential_instance_config.0.enable_confidential_compute": "false",
                            "cpu_platform": "Intel Broadwell",
                            "current_status": "RUNNING",
                            "deletion_protection": "false",
                            "description": "",
                            "enable_display": "false",
                            "guest_accelerator.#": "0",
                            "hostname": "",
                            "id": "projects/endless-anagram-367719/zones/europe-west1-b/instances/attacker-1",
                            "instance_id": "1965705882005954022",
                            "label_fingerprint": "42WmSpB8rSM=",
                            "labels.%": "0",
                            "machine_type": "e2-micro",
                            "metadata.%": "1",
                            "metadata.ssh-keys": "elamrani_abdessamad:ecdsa-sha2-nistp256 AAAAE2VjZHNhLXNoYTItbmlzdHAyNTYAAAAIbmlzdHAyNTYAAABBBNgZ42plqXaDBLt0DS4RAAeEej8SPZRNpDspo4cwcSAIRSop8YYCZd+oOqpjCfufnKxCsqWwEiKUxlXrC9mBZIM= google-ssh {\"userName\":\"elamrani.abdessamad@gmail.com\",\"expireOn\":\"2022-11-14T20:58:14+0000\"}\nelamrani_abdessamad:ecdsa-sha2-nistp256 AAAAE2VjZHNhLXNoYTItbmlzdHAyNTYAAAAIbmlzdHAyNTYAAABBBAaJJU1ia2qfEqJtjP0VWe2fwP55fgpPGqk8JQIWXanBWOm6OCoh/B1jsuEospBQx2/D4EupkfxNvqo7mLo+CG4= google-ssh {\"userName\":\"elamrani.abdessamad@gmail.com\",\"expireOn\":\"2022-11-14T20:58:19+0000\"}\nelamrani_abdessamad:ssh-rsa AAAAB3NzaC1yc2EAAAADAQABAAABAQCICqhtgcu5O29LuHbmuCnFVSOpa0RhTxxlupl/3Ahm4mvojSqKGUJeDImsEbK1f4bXtvJLA1Gp4TDiPE2Q3larcijZiNNKZ25Uv2XkjZ7Nc6Ql63qyJeP/e4tRY9u2z2bHhL9mRJupBu8RlTYinzHLTg+GN1zz44NUzXojNm2iDqLlzrIcl8ow9FPV/acNh4TkXLpwTyg00vF4RYApCYJNzg5AYPDIbi8ijafu03lgVBqLQYYExCHHhQ32uFK7l9WwfVJIpxUh+X3uoDmacpnck7B58yru3cGeqJT8GY7VX/lkJGW353VNoyPy8XL/AUUDXoOJK6RdZrGXOppMOKOt google-ssh {\"userName\":\"elamrani.abdessamad@gmail.com\",\"expireOn\":\"2022-11-14T20:59:14+0000\"}",
                            "metadata_fingerprint": "j1G9WBj_03Y=",
                            "min_cpu_platform": "",
                            "name": "attacker-1",
                            "network_interface.#": "1",
                            "network_interface.0.access_config.#": "1",
                            "network_interface.0.access_config.0.nat_ip": "35.195.214.149",
                            "network_interface.0.access_config.0.network_tier": "PREMIUM",
                            "network_interface.0.access_config.0.public_ptr_domain_name": "",
                            "network_interface.0.alias_ip_range.#": "0",
                            "network_interface.0.ipv6_access_config.#": "0",
                            "network_interface.0.ipv6_access_type": "",
                            "network_interface.0.name": "nic0",
                            "network_interface.0.network": "https://www.googleapis.com/compute/v1/projects/endless-anagram-367719/global/networks/abde-vpc",
                            "network_interface.0.network_ip": "10.99.2.11",
                            "network_interface.0.nic_type": "",
                            "network_interface.0.queue_count": "0",
                            "network_interface.0.stack_type": "IPV4_ONLY",
                            "network_interface.0.subnetwork": "https://www.googleapis.com/compute/v1/projects/endless-anagram-367719/regions/europe-west1/subnetworks/private-subnet1",
                            "network_interface.0.subnetwork_project": "endless-anagram-367719",
                            "project": "endless-anagram-367719",
                            "reservation_affinity.#": "1",
                            "reservation_affinity.0.specific_reservation.#": "0",
                            "reservation_affinity.0.type": "ANY_RESERVATION",
                            "resource_policies.#": "0",
                            "scheduling.#": "1",
                            "scheduling.0.automatic_restart": "true",
                            "scheduling.0.instance_termination_action": "",
                            "scheduling.0.min_node_cpus": "0",
                            "scheduling.0.node_affinities.#": "0",
                            "scheduling.0.on_host_maintenance": "MIGRATE",
                            "scheduling.0.preemptible": "false",
                            "scheduling.0.provisioning_model": "STANDARD",
                            "scratch_disk.#": "0",
                            "self_link": "https://www.googleapis.com/compute/v1/projects/endless-anagram-367719/zones/europe-west1-b/instances/attacker-1",
                            "service_account.#": "1",
                            "service_account.0.email": "4533191612-compute@developer.gserviceaccount.com",
                            "service_account.0.scopes.#": "6",
                            "service_account.0.scopes.0": "https://www.googleapis.com/auth/devstorage.read_only",
                            "service_account.0.scopes.1": "https://www.googleapis.com/auth/logging.write",
                            "service_account.0.scopes.2": "https://www.googleapis.com/auth/monitoring.write",
                            "service_account.0.scopes.3": "https://www.googleapis.com/auth/service.management.readonly",
                            "service_account.0.scopes.4": "https://www.googleapis.com/auth/servicecontrol",
                            "service_account.0.scopes.5": "https://www.googleapis.com/auth/trace.append",
                            "shielded_instance_config.#": "1",
                            "shielded_instance_config.0.enable_integrity_monitoring": "true",
                            "shielded_instance_config.0.enable_secure_boot": "false",
                            "shielded_instance_config.0.enable_vtpm": "true",
                            "tags.#": "0",
                            "tags_fingerprint": "42WmSpB8rSM=",
                            "zone": "europe-west1-b"
                        },
                        "meta": {
                            "schema_version": 6
                        },
                        "tainted": false
                    },
                    "deposed": [],
                    "provider": "provider.google"
                },
                "google_compute_instance.tfer--mongo-db": {
                    "type": "google_compute_instance",
                    "depends_on": [],
                    "primary": {
                        "id": "projects/endless-anagram-367719/zones/europe-west1-b/instances/mongo-db",
                        "attributes": {
                            "advanced_machine_features.#": "0",
                            "attached_disk.#": "0",
                            "boot_disk.#": "1",
                            "boot_disk.0.auto_delete": "true",
                            "boot_disk.0.device_name": "ubuntu-pro-xenial-1",
                            "boot_disk.0.disk_encryption_key_raw": "",
                            "boot_disk.0.disk_encryption_key_sha256": "",
                            "boot_disk.0.initialize_params.#": "1",
                            "boot_disk.0.initialize_params.0.image": "https://www.googleapis.com/compute/v1/projects/ubuntu-os-pro-cloud/global/images/ubuntu-pro-1604-xenial-v20220810",
                            "boot_disk.0.initialize_params.0.labels.%": "0",
                            "boot_disk.0.initialize_params.0.size": "10",
                            "boot_disk.0.initialize_params.0.type": "pd-balanced",
                            "boot_disk.0.kms_key_self_link": "",
                            "boot_disk.0.mode": "READ_WRITE",
                            "boot_disk.0.source": "https://www.googleapis.com/compute/v1/projects/endless-anagram-367719/zones/europe-west1-b/disks/mongo-db",
                            "can_ip_forward": "false",
                            "confidential_instance_config.#": "1",
                            "confidential_instance_config.0.enable_confidential_compute": "false",
                            "cpu_platform": "Intel Broadwell",
                            "current_status": "RUNNING",
                            "deletion_protection": "false",
                            "description": "",
                            "enable_display": "false",
                            "guest_accelerator.#": "0",
                            "hostname": "",
                            "id": "projects/endless-anagram-367719/zones/europe-west1-b/instances/mongo-db",
                            "instance_id": "6135668889295294447",
                            "label_fingerprint": "42WmSpB8rSM=",
                            "labels.%": "0",
                            "machine_type": "e2-micro",
                            "metadata.%": "2",
                            "metadata.ssh-keys": "elamrani_abdessamad:ecdsa-sha2-nistp256 AAAAE2VjZHNhLXNoYTItbmlzdHAyNTYAAAAIbmlzdHAyNTYAAABBBEzs03cOGaDXdq4rWEs5QSDj8uYn0PYuH/92gShDnLA/lVU8aEReLaDcbtGZzR+YM3KfIqu2L2xuM9LcMfwC0Mo= google-ssh {\"userName\":\"elamrani.abdessamad@gmail.com\",\"expireOn\":\"2022-11-14T22:42:59+0000\"}\nelamrani_abdessamad:ssh-rsa AAAAB3NzaC1yc2EAAAADAQABAAABAGJNiCL4ZJ1tlJFFIZcwsNtrp8FJ4ujyrLT6CU1v7D05AEg4IF4+VOA9RNijFhHbarO0IceQOsmCmuU4ogamdqsAniebEdCTU7+0GuuzCC1nwHwwlZpMIIZzMXf5hzgVky1I9RUbi28U8/nd6TMgCfG5Sycx8JnitWwhcUtXV8gTxhugbxbFGcidr999ysCTzFTMyyzTy7iAOOdca5NtI4AlWwn9AHWEZ24zPwEd4RnShYbb/mBHnG8cl0wlZvYggowy8H/Fb/hdkbb61KrHFEm4GhcSVfXx5HvCdrzThg8+IDtSNbpSiaRU/mgDWrmki6Wa1BKA9++Y2FYH2QJ3gKM= google-ssh {\"userName\":\"elamrani.abdessamad@gmail.com\",\"expireOn\":\"2022-11-14T22:43:13+0000\"}",
                            "metadata.startup-script": "\n#!/bin/bash\n\n#### cleanup\n\napt-get purge -y mongo* --allow-change-held-packages\n\n#### installing mangodb 4.0 on ubuntu 16.04\n#### https://www.mongodb.com/docs/v4.0/tutorial/install-mongodb-on-ubuntu/\n\nwget -qO - https://www.mongodb.org/static/pgp/server-4.0.asc | sudo apt-key add -\necho \"deb [ arch=amd64,arm64 ] https://repo.mongodb.org/apt/ubuntu xenial/mongodb-org/4.0 multiverse\" | sudo tee /etc/apt/sources.list.d/mongodb-org-4.0.list\nsudo apt-get update\nsudo apt-get install -y mongodb-org\necho \"mongodb-org hold\" | sudo dpkg --set-selections\necho \"mongodb-org-server hold\" | sudo dpkg --set-selections\necho \"mongodb-org-shell hold\" | sudo dpkg --set-selections\necho \"mongodb-org-mongos hold\" | sudo dpkg --set-selections\necho \"mongodb-org-tools hold\" | sudo dpkg --set-selections\nsudo systemctl start mongod\nsudo systemctl daemon-reload\nsudo systemctl enable mongod\nsleep 60\n### enable authentication \n### https://www.mongodb.com/features/mongodb-authentication\n### auth from iinside after creating user : db.auth(myadmin4,password1)\n## following way doesnt work for some reason with mongodump so I will create only remote admin this way, and later with JSON the one for mongodb..\n\nmongo --eval \"db.createUser( { user: 'localadmin', pwd: 'password1', roles: [ { role: 'userAdminAnyDatabase',db: 'admin' },{ role: 'backup',db: 'admin' }  ] })\" \n\n#mongo --eval \"db.createUser( { user: 'myadmin7', pwd: 'password2', roles: [ {role: 'readWrite', db: 'admin'}] })\"    \n\necho '\ndb.createUser(\n  {\n    user: \"opadmin\",\n    pwd: \"password1\",\n    roles: [ { role: \"userAdminAnyDatabase\",db: \"admin\" },{ role: \"backup\",db: \"admin\" }  ]\n  }\n)\n' \u003e myadmin.js\n\nsleep 60\n\nmongo admin myadmin.js\n\nsudo sh -c 'echo \"security:\\n  authorization : enabled\" \u003e\u003e /etc/mongod.conf'\nsudo sed -i \"s,\\\\(^[[:blank:]]*bindIp:\\\\) .*,\\\\1 0.0.0.0,\" /etc/mongod.conf\nsudo systemctl restart mongod\n\n#### dumping backup\n\n#creating backupcron bash file that takes backup and uploade to storage backet\n\necho 'DATE=`date +%Y-%d%b-%Hh%Mm`\n/usr/bin/mongodump -u opadmin -p password1\nmv dump mongodump-$DATE\ntar cf mongodump-$DATE.tar mongodump-$DATE\n\n#### \u003e\u003e\u003e \n/snap/bin/gsutil cp mongodump-$DATE.tar gs://abde-storage-bucket\n\nrm -rf mongodump*' \u003e /backupcron.bash\n\nchmod 755 /backupcron.bash\n\n# adding entry to cronjob\necho '*/30 * * * * /bin/bash /backupcron.bash' \u003e /mycron\n\n# careful for ubntu 18 its under /usr/bin/crontab not /bin\n/usr/bin/crontab /mycron\n",
                            "metadata_fingerprint": "yceMS2pJC2M=",
                            "min_cpu_platform": "",
                            "name": "mongo-db",
                            "network_interface.#": "1",
                            "network_interface.0.access_config.#": "1",
                            "network_interface.0.access_config.0.nat_ip": "34.140.217.19",
                            "network_interface.0.access_config.0.network_tier": "PREMIUM",
                            "network_interface.0.access_config.0.public_ptr_domain_name": "",
                            "network_interface.0.alias_ip_range.#": "0",
                            "network_interface.0.ipv6_access_config.#": "0",
                            "network_interface.0.ipv6_access_type": "",
                            "network_interface.0.name": "nic0",
                            "network_interface.0.network": "https://www.googleapis.com/compute/v1/projects/endless-anagram-367719/global/networks/abde-vpc",
                            "network_interface.0.network_ip": "10.99.1.17",
                            "network_interface.0.nic_type": "",
                            "network_interface.0.queue_count": "0",
                            "network_interface.0.stack_type": "IPV4_ONLY",
                            "network_interface.0.subnetwork": "https://www.googleapis.com/compute/v1/projects/endless-anagram-367719/regions/europe-west1/subnetworks/public-subnet",
                            "network_interface.0.subnetwork_project": "endless-anagram-367719",
                            "project": "endless-anagram-367719",
                            "reservation_affinity.#": "1",
                            "reservation_affinity.0.specific_reservation.#": "0",
                            "reservation_affinity.0.type": "ANY_RESERVATION",
                            "resource_policies.#": "0",
                            "scheduling.#": "1",
                            "scheduling.0.automatic_restart": "true",
                            "scheduling.0.instance_termination_action": "",
                            "scheduling.0.min_node_cpus": "0",
                            "scheduling.0.node_affinities.#": "0",
                            "scheduling.0.on_host_maintenance": "MIGRATE",
                            "scheduling.0.preemptible": "false",
                            "scheduling.0.provisioning_model": "STANDARD",
                            "scratch_disk.#": "0",
                            "self_link": "https://www.googleapis.com/compute/v1/projects/endless-anagram-367719/zones/europe-west1-b/instances/mongo-db",
                            "service_account.#": "1",
                            "service_account.0.email": "xx-compute-sa@endless-anagram-367719.iam.gserviceaccount.com",
                            "service_account.0.scopes.#": "1",
                            "service_account.0.scopes.0": "https://www.googleapis.com/auth/cloud-platform",
                            "shielded_instance_config.#": "1",
                            "shielded_instance_config.0.enable_integrity_monitoring": "true",
                            "shielded_instance_config.0.enable_secure_boot": "false",
                            "shielded_instance_config.0.enable_vtpm": "true",
                            "tags.#": "2",
                            "tags.0": "http-server",
                            "tags.1": "https-server",
                            "tags_fingerprint": "6smc4R4d39I=",
                            "zone": "europe-west1-b"
                        },
                        "meta": {
                            "schema_version": 6
                        },
                        "tainted": false
                    },
                    "deposed": [],
                    "provider": "provider.google"
                }
            },
            "depends_on": []
        }
    ]
}
