{
  "version": 4,
  "terraform_version": "1.3.4",
  "serial": 2,
  "lineage": "458a9536-fe78-4ccc-e01d-18821beac731",
  "outputs": {
    "google_compute_network_tfer--abde-vpc_self_link": {
      "value": "https://www.googleapis.com/compute/v1/projects/endless-anagram-367719/global/networks/abde-vpc",
      "type": "string"
    }
  },
  "resources": [
    {
      "mode": "managed",
      "type": "google_compute_network",
      "name": "tfer--abde-vpc",
      "provider": "provider[\"registry.terraform.io/hashicorp/google\"]",
      "instances": [
        {
          "schema_version": 0,
          "attributes": {
            "auto_create_subnetworks": false,
            "delete_default_routes_on_create": false,
            "description": "",
            "enable_ula_internal_ipv6": false,
            "gateway_ipv4": "",
            "id": "projects/endless-anagram-367719/global/networks/abde-vpc",
            "internal_ipv6_range": "",
            "mtu": 1460,
            "name": "abde-vpc",
            "project": "endless-anagram-367719",
            "routing_mode": "REGIONAL",
            "self_link": "https://www.googleapis.com/compute/v1/projects/endless-anagram-367719/global/networks/abde-vpc",
            "timeouts": null
          },
          "sensitive_attributes": [],
          "private": "eyJlMmJmYjczMC1lY2FhLTExZTYtOGY4OC0zNDM2M2JjN2M0YzAiOnsiY3JlYXRlIjoxMjAwMDAwMDAwMDAwLCJkZWxldGUiOjEyMDAwMDAwMDAwMDAsInVwZGF0ZSI6MTIwMDAwMDAwMDAwMH19"
        }
      ]
    }
  ],
  "check_results": null
}
