{
    "version": 3,
    "terraform_version": "0.12.31",
    "serial": 1,
    "lineage": "aa7f33c0-fcdd-b8a5-9d4e-28aeeb667707",
    "modules": [
        {
            "path": [
                "root"
            ],
            "outputs": {
                "google_compute_firewall_tfer--default-allow-icmp_self_link": {
                    "sensitive": false,
                    "type": "string",
                    "value": "https://www.googleapis.com/compute/v1/projects/endless-anagram-367719/global/firewalls/default-allow-icmp"
                },
                "google_compute_firewall_tfer--default-allow-internal_self_link": {
                    "sensitive": false,
                    "type": "string",
                    "value": "https://www.googleapis.com/compute/v1/projects/endless-anagram-367719/global/firewalls/default-allow-internal"
                },
                "google_compute_firewall_tfer--default-allow-rdp_self_link": {
                    "sensitive": false,
                    "type": "string",
                    "value": "https://www.googleapis.com/compute/v1/projects/endless-anagram-367719/global/firewalls/default-allow-rdp"
                },
                "google_compute_firewall_tfer--default-allow-ssh_self_link": {
                    "sensitive": false,
                    "type": "string",
                    "value": "https://www.googleapis.com/compute/v1/projects/endless-anagram-367719/global/firewalls/default-allow-ssh"
                }
            },
            "resources": {
                "google_compute_firewall.tfer--default-allow-icmp": {
                    "type": "google_compute_firewall",
                    "depends_on": [],
                    "primary": {
                        "id": "default-allow-icmp",
                        "attributes": {
                            "allow.#": "1",
                            "allow.0.ports.#": "0",
                            "allow.0.protocol": "icmp",
                            "creation_timestamp": "2022-11-05T13:30:18.773-07:00",
                            "deny.#": "0",
                            "description": "Allow ICMP from anywhere",
                            "destination_ranges.#": "0",
                            "direction": "INGRESS",
                            "disabled": "false",
                            "id": "default-allow-icmp",
                            "log_config.#": "0",
                            "name": "default-allow-icmp",
                            "network": "https://www.googleapis.com/compute/v1/projects/endless-anagram-367719/global/networks/default",
                            "priority": "65534",
                            "project": "endless-anagram-367719",
                            "self_link": "https://www.googleapis.com/compute/v1/projects/endless-anagram-367719/global/firewalls/default-allow-icmp",
                            "source_ranges.#": "1",
                            "source_ranges.0": "0.0.0.0/0",
                            "source_service_accounts.#": "0",
                            "source_tags.#": "0",
                            "target_service_accounts.#": "0",
                            "target_tags.#": "0"
                        },
                        "meta": {
                            "schema_version": 1
                        },
                        "tainted": false
                    },
                    "deposed": [],
                    "provider": "provider.google"
                },
                "google_compute_firewall.tfer--default-allow-internal": {
                    "type": "google_compute_firewall",
                    "depends_on": [],
                    "primary": {
                        "id": "default-allow-internal",
                        "attributes": {
                            "allow.#": "3",
                            "allow.0.ports.#": "1",
                            "allow.0.ports.0": "0-65535",
                            "allow.0.protocol": "tcp",
                            "allow.1.ports.#": "1",
                            "allow.1.ports.0": "0-65535",
                            "allow.1.protocol": "udp",
                            "allow.2.ports.#": "0",
                            "allow.2.protocol": "icmp",
                            "creation_timestamp": "2022-11-05T13:30:18.593-07:00",
                            "deny.#": "0",
                            "description": "Allow internal traffic on the default network",
                            "destination_ranges.#": "0",
                            "direction": "INGRESS",
                            "disabled": "false",
                            "id": "default-allow-internal",
                            "log_config.#": "0",
                            "name": "default-allow-internal",
                            "network": "https://www.googleapis.com/compute/v1/projects/endless-anagram-367719/global/networks/default",
                            "priority": "65534",
                            "project": "endless-anagram-367719",
                            "self_link": "https://www.googleapis.com/compute/v1/projects/endless-anagram-367719/global/firewalls/default-allow-internal",
                            "source_ranges.#": "1",
                            "source_ranges.0": "10.128.0.0/9",
                            "source_service_accounts.#": "0",
                            "source_tags.#": "0",
                            "target_service_accounts.#": "0",
                            "target_tags.#": "0"
                        },
                        "meta": {
                            "schema_version": 1
                        },
                        "tainted": false
                    },
                    "deposed": [],
                    "provider": "provider.google"
                },
                "google_compute_firewall.tfer--default-allow-rdp": {
                    "type": "google_compute_firewall",
                    "depends_on": [],
                    "primary": {
                        "id": "default-allow-rdp",
                        "attributes": {
                            "allow.#": "1",
                            "allow.0.ports.#": "1",
                            "allow.0.ports.0": "3389",
                            "allow.0.protocol": "tcp",
                            "creation_timestamp": "2022-11-05T13:30:18.713-07:00",
                            "deny.#": "0",
                            "description": "Allow RDP from anywhere",
                            "destination_ranges.#": "0",
                            "direction": "INGRESS",
                            "disabled": "false",
                            "id": "default-allow-rdp",
                            "log_config.#": "0",
                            "name": "default-allow-rdp",
                            "network": "https://www.googleapis.com/compute/v1/projects/endless-anagram-367719/global/networks/default",
                            "priority": "65534",
                            "project": "endless-anagram-367719",
                            "self_link": "https://www.googleapis.com/compute/v1/projects/endless-anagram-367719/global/firewalls/default-allow-rdp",
                            "source_ranges.#": "1",
                            "source_ranges.0": "0.0.0.0/0",
                            "source_service_accounts.#": "0",
                            "source_tags.#": "0",
                            "target_service_accounts.#": "0",
                            "target_tags.#": "0"
                        },
                        "meta": {
                            "schema_version": 1
                        },
                        "tainted": false
                    },
                    "deposed": [],
                    "provider": "provider.google"
                },
                "google_compute_firewall.tfer--default-allow-ssh": {
                    "type": "google_compute_firewall",
                    "depends_on": [],
                    "primary": {
                        "id": "default-allow-ssh",
                        "attributes": {
                            "allow.#": "1",
                            "allow.0.ports.#": "1",
                            "allow.0.ports.0": "22",
                            "allow.0.protocol": "tcp",
                            "creation_timestamp": "2022-11-05T13:30:18.653-07:00",
                            "deny.#": "0",
                            "description": "Allow SSH from anywhere",
                            "destination_ranges.#": "0",
                            "direction": "INGRESS",
                            "disabled": "false",
                            "id": "default-allow-ssh",
                            "log_config.#": "0",
                            "name": "default-allow-ssh",
                            "network": "https://www.googleapis.com/compute/v1/projects/endless-anagram-367719/global/networks/default",
                            "priority": "65534",
                            "project": "endless-anagram-367719",
                            "self_link": "https://www.googleapis.com/compute/v1/projects/endless-anagram-367719/global/firewalls/default-allow-ssh",
                            "source_ranges.#": "1",
                            "source_ranges.0": "0.0.0.0/0",
                            "source_service_accounts.#": "0",
                            "source_tags.#": "0",
                            "target_service_accounts.#": "0",
                            "target_tags.#": "0"
                        },
                        "meta": {
                            "schema_version": 1
                        },
                        "tainted": false
                    },
                    "deposed": [],
                    "provider": "provider.google"
                }
            },
            "depends_on": []
        }
    ]
}
