{
  "version": 4,
  "terraform_version": "1.3.4",
  "serial": 18,
  "lineage": "0a073a4f-8966-bdd7-6f6e-cd447d9cad74",
  "outputs": {
    "google_compute_address_tfer--ec2-ip1_self_link": {
      "value": "https://www.googleapis.com/compute/v1/projects/endless-anagram-367719/regions/europe-west1/addresses/ec2-ip1",
      "type": "string"
    },
    "google_compute_address_tfer--ec2-ip2_self_link": {
      "value": "https://www.googleapis.com/compute/v1/projects/endless-anagram-367719/regions/europe-west1/addresses/ec2-ip2",
      "type": "string"
    },
    "google_compute_address_tfer--internal-ip1_self_link": {
      "value": "https://www.googleapis.com/compute/v1/projects/endless-anagram-367719/regions/europe-west1/addresses/internal-ip1",
      "type": "string"
    }
  },
  "resources": [
    {
      "mode": "managed",
      "type": "google_compute_address",
      "name": "tfer--ec2-ip1",
      "provider": "provider[\"registry.terraform.io/hashicorp/google\"]",
      "instances": [
        {
          "schema_version": 0,
          "attributes": {
            "address": "34.78.179.219",
            "address_type": "EXTERNAL",
            "creation_timestamp": "2022-11-06T00:09:58.497-07:00",
            "description": "",
            "id": "projects/endless-anagram-367719/regions/europe-west1/addresses/ec2-ip1",
            "name": "ec2-ip1",
            "network": "",
            "network_tier": "PREMIUM",
            "prefix_length": 0,
            "project": "endless-anagram-367719",
            "purpose": "",
            "region": "europe-west1",
            "self_link": "https://www.googleapis.com/compute/v1/projects/endless-anagram-367719/regions/europe-west1/addresses/ec2-ip1",
            "subnetwork": "",
            "timeouts": null,
            "users": []
          },
          "sensitive_attributes": [],
          "private": "eyJlMmJmYjczMC1lY2FhLTExZTYtOGY4OC0zNDM2M2JjN2M0YzAiOnsiY3JlYXRlIjoxMjAwMDAwMDAwMDAwLCJkZWxldGUiOjEyMDAwMDAwMDAwMDB9fQ=="
        }
      ]
    },
    {
      "mode": "managed",
      "type": "google_compute_address",
      "name": "tfer--ec2-ip2",
      "provider": "provider[\"registry.terraform.io/hashicorp/google\"]",
      "instances": [
        {
          "schema_version": 0,
          "attributes": {
            "address": "35.241.243.27",
            "address_type": "EXTERNAL",
            "creation_timestamp": "2022-11-06T00:09:58.475-07:00",
            "description": "",
            "id": "projects/endless-anagram-367719/regions/europe-west1/addresses/ec2-ip2",
            "name": "ec2-ip2",
            "network": "",
            "network_tier": "PREMIUM",
            "prefix_length": 0,
            "project": "endless-anagram-367719",
            "purpose": "",
            "region": "europe-west1",
            "self_link": "https://www.googleapis.com/compute/v1/projects/endless-anagram-367719/regions/europe-west1/addresses/ec2-ip2",
            "subnetwork": "",
            "timeouts": null,
            "users": []
          },
          "sensitive_attributes": [],
          "private": "eyJlMmJmYjczMC1lY2FhLTExZTYtOGY4OC0zNDM2M2JjN2M0YzAiOnsiY3JlYXRlIjoxMjAwMDAwMDAwMDAwLCJkZWxldGUiOjEyMDAwMDAwMDAwMDB9fQ=="
        }
      ]
    },
    {
      "mode": "managed",
      "type": "google_compute_address",
      "name": "tfer--internal-ip1",
      "provider": "provider[\"registry.terraform.io/hashicorp/google\"]",
      "instances": [
        {
          "schema_version": 0,
          "attributes": {
            "address": "10.132.0.4",
            "address_type": "INTERNAL",
            "creation_timestamp": "2022-11-06T00:09:58.461-07:00",
            "description": "",
            "id": "projects/endless-anagram-367719/regions/europe-west1/addresses/internal-ip1",
            "name": "internal-ip1",
            "network": "",
            "network_tier": "PREMIUM",
            "prefix_length": 0,
            "project": "endless-anagram-367719",
            "purpose": "GCE_ENDPOINT",
            "region": "europe-west1",
            "self_link": "https://www.googleapis.com/compute/v1/projects/endless-anagram-367719/regions/europe-west1/addresses/internal-ip1",
            "subnetwork": "https://www.googleapis.com/compute/v1/projects/endless-anagram-367719/regions/europe-west1/subnetworks/default",
            "timeouts": null,
            "users": []
          },
          "sensitive_attributes": [],
          "private": "eyJlMmJmYjczMC1lY2FhLTExZTYtOGY4OC0zNDM2M2JjN2M0YzAiOnsiY3JlYXRlIjoxMjAwMDAwMDAwMDAwLCJkZWxldGUiOjEyMDAwMDAwMDAwMDB9fQ=="
        }
      ]
    }
  ],
  "check_results": null
}
